// !$*UTF8*$!
{
	archiveVersion = 1;
	classes = {
	};
	objectVersion = 51;
	objects = {

/* Begin PBXBuildFile section */
		513D5A82227BFCDC00D70DE6 /* AddCurrencyPairCell.swift in Sources */ = {isa = PBXBuildFile; fileRef = 513D5A81227BFCDC00D70DE6 /* AddCurrencyPairCell.swift */; };
		513D5A84227BFE9E00D70DE6 /* ExchangeRateCell.swift in Sources */ = {isa = PBXBuildFile; fileRef = 513D5A83227BFE9E00D70DE6 /* ExchangeRateCell.swift */; };
		513D5A8E227C02AB00D70DE6 /* SelectCurrencyScreen.h in Headers */ = {isa = PBXBuildFile; fileRef = 513D5A8C227C02AB00D70DE6 /* SelectCurrencyScreen.h */; settings = {ATTRIBUTES = (Public, ); }; };
		513D5A91227C02AB00D70DE6 /* SelectCurrencyScreen.framework in Frameworks */ = {isa = PBXBuildFile; fileRef = 513D5A8A227C02AB00D70DE6 /* SelectCurrencyScreen.framework */; };
		513D5A92227C02AB00D70DE6 /* SelectCurrencyScreen.framework in Embed Frameworks */ = {isa = PBXBuildFile; fileRef = 513D5A8A227C02AB00D70DE6 /* SelectCurrencyScreen.framework */; settings = {ATTRIBUTES = (CodeSignOnCopy, RemoveHeadersOnCopy, ); }; };
		513D5A99227C02CF00D70DE6 /* SelectCurrencyViewController.swift in Sources */ = {isa = PBXBuildFile; fileRef = 513D5A98227C02CF00D70DE6 /* SelectCurrencyViewController.swift */; };
		513D5A9D227C030500D70DE6 /* Assets.xcassets in Resources */ = {isa = PBXBuildFile; fileRef = 513D5A9C227C030500D70DE6 /* Assets.xcassets */; };
		513D5A9F227C035D00D70DE6 /* Main.storyboard in Resources */ = {isa = PBXBuildFile; fileRef = 513D5A9E227C035D00D70DE6 /* Main.storyboard */; };
		513D5AA1227C03E900D70DE6 /* CurrencyCell.swift in Sources */ = {isa = PBXBuildFile; fileRef = 513D5AA0227C03E900D70DE6 /* CurrencyCell.swift */; };
		513D5AA3227C04D800D70DE6 /* Coordinator.swift in Sources */ = {isa = PBXBuildFile; fileRef = 513D5AA2227C04D800D70DE6 /* Coordinator.swift */; };
		513D5AAF227C0C1400D70DE6 /* CalculatorScreen.h in Headers */ = {isa = PBXBuildFile; fileRef = 513D5AAD227C0C1400D70DE6 /* CalculatorScreen.h */; settings = {ATTRIBUTES = (Public, ); }; };
		513D5AB2227C0C1400D70DE6 /* CalculatorScreen.framework in Frameworks */ = {isa = PBXBuildFile; fileRef = 513D5AAB227C0C1300D70DE6 /* CalculatorScreen.framework */; };
		513D5AB3227C0C1400D70DE6 /* CalculatorScreen.framework in Embed Frameworks */ = {isa = PBXBuildFile; fileRef = 513D5AAB227C0C1300D70DE6 /* CalculatorScreen.framework */; settings = {ATTRIBUTES = (CodeSignOnCopy, RemoveHeadersOnCopy, ); }; };
		513D5AC0227C0C5A00D70DE6 /* Coordinator.swift in Sources */ = {isa = PBXBuildFile; fileRef = 513D5ABF227C0C5A00D70DE6 /* Coordinator.swift */; };
		513D5AC2227C0CAB00D70DE6 /* CalculatorViewController.swift in Sources */ = {isa = PBXBuildFile; fileRef = 513D5AC1227C0CAB00D70DE6 /* CalculatorViewController.swift */; };
		513D5AC4227C0F8B00D70DE6 /* Main.storyboard in Resources */ = {isa = PBXBuildFile; fileRef = 513D5AC3227C0F8B00D70DE6 /* Main.storyboard */; };
		51A5285B22799D1F00700158 /* AppDelegate.swift in Sources */ = {isa = PBXBuildFile; fileRef = 51A5285A22799D1F00700158 /* AppDelegate.swift */; };
		51A5286222799D2100700158 /* Assets.xcassets in Resources */ = {isa = PBXBuildFile; fileRef = 51A5286122799D2100700158 /* Assets.xcassets */; };
		51A5287522799E4300700158 /* HomeScreen.h in Headers */ = {isa = PBXBuildFile; fileRef = 51A5287322799E4300700158 /* HomeScreen.h */; settings = {ATTRIBUTES = (Public, ); }; };
		51A5287822799E4300700158 /* HomeScreen.framework in Frameworks */ = {isa = PBXBuildFile; fileRef = 51A5287122799E4300700158 /* HomeScreen.framework */; };
		51A5287922799E4300700158 /* HomeScreen.framework in Embed Frameworks */ = {isa = PBXBuildFile; fileRef = 51A5287122799E4300700158 /* HomeScreen.framework */; settings = {ATTRIBUTES = (CodeSignOnCopy, RemoveHeadersOnCopy, ); }; };
		51A5289922799F0100700158 /* Coordinator.swift in Sources */ = {isa = PBXBuildFile; fileRef = 51A5289822799F0100700158 /* Coordinator.swift */; };
		51A5289B2279A07000700158 /* HomeViewController.swift in Sources */ = {isa = PBXBuildFile; fileRef = 51A5289A2279A07000700158 /* HomeViewController.swift */; };
		51A5289F2279A17000700158 /* Assets.xcassets in Resources */ = {isa = PBXBuildFile; fileRef = 51A5289E2279A17000700158 /* Assets.xcassets */; };
		51A528A12279A17A00700158 /* Main.storyboard in Resources */ = {isa = PBXBuildFile; fileRef = 51A528A02279A17A00700158 /* Main.storyboard */; };
		51CC0D272279FBBA00503D90 /* LocalizedName.swift in Sources */ = {isa = PBXBuildFile; fileRef = 51CC0D262279FBBA00503D90 /* LocalizedName.swift */; };
		51CC0D2A2279FBEE00503D90 /* BundleWrapper.swift in Sources */ = {isa = PBXBuildFile; fileRef = 51CC0D292279FBEE00503D90 /* BundleWrapper.swift */; };
		51CCABD42279DEFF0056C4D9 /* StoryboardInstantiatable.h in Headers */ = {isa = PBXBuildFile; fileRef = 51CCABD22279DEFF0056C4D9 /* StoryboardInstantiatable.h */; settings = {ATTRIBUTES = (Public, ); }; };
		51CCABD72279DEFF0056C4D9 /* StoryboardInstantiatable.framework in Frameworks */ = {isa = PBXBuildFile; fileRef = 51CCABD02279DEFF0056C4D9 /* StoryboardInstantiatable.framework */; };
		51CCABD82279DEFF0056C4D9 /* StoryboardInstantiatable.framework in Embed Frameworks */ = {isa = PBXBuildFile; fileRef = 51CCABD02279DEFF0056C4D9 /* StoryboardInstantiatable.framework */; settings = {ATTRIBUTES = (CodeSignOnCopy, RemoveHeadersOnCopy, ); }; };
		51CCABE02279DF510056C4D9 /* StoryboardInstantiatable.swift in Sources */ = {isa = PBXBuildFile; fileRef = 51CCABDF2279DF510056C4D9 /* StoryboardInstantiatable.swift */; };
		51CCABFC2279E1F50056C4D9 /* CurrencyCode.h in Headers */ = {isa = PBXBuildFile; fileRef = 51CCABFA2279E1F50056C4D9 /* CurrencyCode.h */; settings = {ATTRIBUTES = (Public, ); }; };
		51CCABFF2279E1F50056C4D9 /* CurrencyCode.framework in Frameworks */ = {isa = PBXBuildFile; fileRef = 51CCABF82279E1F50056C4D9 /* CurrencyCode.framework */; };
		51CCAC002279E1F50056C4D9 /* CurrencyCode.framework in Embed Frameworks */ = {isa = PBXBuildFile; fileRef = 51CCABF82279E1F50056C4D9 /* CurrencyCode.framework */; settings = {ATTRIBUTES = (CodeSignOnCopy, RemoveHeadersOnCopy, ); }; };
		51CCAC082279E2210056C4D9 /* CurrencyCode.swift in Sources */ = {isa = PBXBuildFile; fileRef = 51CCAC072279E2210056C4D9 /* CurrencyCode.swift */; };
		51CCAC0A2279E2AF0056C4D9 /* CurrencyPair.swift in Sources */ = {isa = PBXBuildFile; fileRef = 51CCAC092279E2AF0056C4D9 /* CurrencyPair.swift */; };
		51E2059F227AD18700E0046C /* CurrencyRate.h in Headers */ = {isa = PBXBuildFile; fileRef = 51E2059D227AD18700E0046C /* CurrencyRate.h */; settings = {ATTRIBUTES = (Public, ); }; };
		51E205A2227AD18700E0046C /* CurrencyRate.framework in Frameworks */ = {isa = PBXBuildFile; fileRef = 51E2059B227AD18600E0046C /* CurrencyRate.framework */; };
		51E205A3227AD18700E0046C /* CurrencyRate.framework in Embed Frameworks */ = {isa = PBXBuildFile; fileRef = 51E2059B227AD18600E0046C /* CurrencyRate.framework */; settings = {ATTRIBUTES = (CodeSignOnCopy, RemoveHeadersOnCopy, ); }; };
		51E205AB227AD1BB00E0046C /* CurrencyRate.swift in Sources */ = {isa = PBXBuildFile; fileRef = 51E205AA227AD1BB00E0046C /* CurrencyRate.swift */; };
		51E205AF227AD50300E0046C /* CurrencyRateTests.swift in Sources */ = {isa = PBXBuildFile; fileRef = 51E205AE227AD50300E0046C /* CurrencyRateTests.swift */; };
		51F16912227A15C600DA8719 /* CurrencyCodeTests.swift in Sources */ = {isa = PBXBuildFile; fileRef = 51F16911227A15C600DA8719 /* CurrencyCodeTests.swift */; };
		73E37B9D9B047760D01858AD /* Pods_HomeScreen.framework in Frameworks */ = {isa = PBXBuildFile; fileRef = C5A4D92E035B8F375E235A01 /* Pods_HomeScreen.framework */; };
		A950D6AB06368FE00FA75E93 /* Pods_MoolahRates.framework in Frameworks */ = {isa = PBXBuildFile; fileRef = 75AA53EBB0E5A623CBCBA096 /* Pods_MoolahRates.framework */; };
/* End PBXBuildFile section */

/* Begin PBXContainerItemProxy section */
		513D5A8F227C02AB00D70DE6 /* PBXContainerItemProxy */ = {
			isa = PBXContainerItemProxy;
			containerPortal = 51A5284F22799D1F00700158 /* Project object */;
			proxyType = 1;
			remoteGlobalIDString = 513D5A89227C02AB00D70DE6;
			remoteInfo = SelectCurrencyScreen;
		};
		513D5A9A227C02DA00D70DE6 /* PBXContainerItemProxy */ = {
			isa = PBXContainerItemProxy;
			containerPortal = 51A5284F22799D1F00700158 /* Project object */;
			proxyType = 1;
			remoteGlobalIDString = 51CCABCF2279DEFF0056C4D9;
			remoteInfo = StoryboardInstantiatable;
		};
		513D5AA4227C059300D70DE6 /* PBXContainerItemProxy */ = {
			isa = PBXContainerItemProxy;
			containerPortal = 51A5284F22799D1F00700158 /* Project object */;
			proxyType = 1;
			remoteGlobalIDString = 51CCABF72279E1F50056C4D9;
			remoteInfo = CurrencyCode;
		};
		513D5AB0227C0C1400D70DE6 /* PBXContainerItemProxy */ = {
			isa = PBXContainerItemProxy;
			containerPortal = 51A5284F22799D1F00700158 /* Project object */;
			proxyType = 1;
			remoteGlobalIDString = 513D5AAA227C0C1300D70DE6;
			remoteInfo = CalculatorScreen;
		};
		513D5AB7227C0C3C00D70DE6 /* PBXContainerItemProxy */ = {
			isa = PBXContainerItemProxy;
			containerPortal = 51A5284F22799D1F00700158 /* Project object */;
			proxyType = 1;
			remoteGlobalIDString = 51CCABF72279E1F50056C4D9;
			remoteInfo = CurrencyCode;
		};
		513D5AB9227C0C3C00D70DE6 /* PBXContainerItemProxy */ = {
			isa = PBXContainerItemProxy;
			containerPortal = 51A5284F22799D1F00700158 /* Project object */;
			proxyType = 1;
			remoteGlobalIDString = 51E2059A227AD18600E0046C;
			remoteInfo = CurrencyRate;
		};
		513D5ABB227C0C3C00D70DE6 /* PBXContainerItemProxy */ = {
			isa = PBXContainerItemProxy;
			containerPortal = 51A5284F22799D1F00700158 /* Project object */;
			proxyType = 1;
			remoteGlobalIDString = 51CCABCF2279DEFF0056C4D9;
			remoteInfo = StoryboardInstantiatable;
		};
		51A5287622799E4300700158 /* PBXContainerItemProxy */ = {
			isa = PBXContainerItemProxy;
			containerPortal = 51A5284F22799D1F00700158 /* Project object */;
			proxyType = 1;
			remoteGlobalIDString = 51A5287022799E4300700158;
			remoteInfo = HomeScreen;
		};
		51CCABD52279DEFF0056C4D9 /* PBXContainerItemProxy */ = {
			isa = PBXContainerItemProxy;
			containerPortal = 51A5284F22799D1F00700158 /* Project object */;
			proxyType = 1;
			remoteGlobalIDString = 51CCABCF2279DEFF0056C4D9;
			remoteInfo = StoryboardInstantiatable;
		};
		51CCABDC2279DF410056C4D9 /* PBXContainerItemProxy */ = {
			isa = PBXContainerItemProxy;
			containerPortal = 51A5284F22799D1F00700158 /* Project object */;
			proxyType = 1;
			remoteGlobalIDString = 51CCABCF2279DEFF0056C4D9;
			remoteInfo = StoryboardInstantiatable;
		};
		51CCABFD2279E1F50056C4D9 /* PBXContainerItemProxy */ = {
			isa = PBXContainerItemProxy;
			containerPortal = 51A5284F22799D1F00700158 /* Project object */;
			proxyType = 1;
			remoteGlobalIDString = 51CCABF72279E1F50056C4D9;
			remoteInfo = CurrencyCode;
		};
		51CCAC042279E20B0056C4D9 /* PBXContainerItemProxy */ = {
			isa = PBXContainerItemProxy;
			containerPortal = 51A5284F22799D1F00700158 /* Project object */;
			proxyType = 1;
			remoteGlobalIDString = 51CCABF72279E1F50056C4D9;
			remoteInfo = CurrencyCode;
		};
		51E205A0227AD18700E0046C /* PBXContainerItemProxy */ = {
			isa = PBXContainerItemProxy;
			containerPortal = 51A5284F22799D1F00700158 /* Project object */;
			proxyType = 1;
			remoteGlobalIDString = 51E2059A227AD18600E0046C;
			remoteInfo = CurrencyRate;
		};
		51E205A7227AD1A300E0046C /* PBXContainerItemProxy */ = {
			isa = PBXContainerItemProxy;
			containerPortal = 51A5284F22799D1F00700158 /* Project object */;
			proxyType = 1;
			remoteGlobalIDString = 51E2059A227AD18600E0046C;
			remoteInfo = CurrencyRate;
		};
		51E205AC227AD1C800E0046C /* PBXContainerItemProxy */ = {
			isa = PBXContainerItemProxy;
			containerPortal = 51A5284F22799D1F00700158 /* Project object */;
			proxyType = 1;
			remoteGlobalIDString = 51CCABF72279E1F50056C4D9;
			remoteInfo = CurrencyCode;
		};
		51F16914227A15C600DA8719 /* PBXContainerItemProxy */ = {
			isa = PBXContainerItemProxy;
			containerPortal = 51A5284F22799D1F00700158 /* Project object */;
			proxyType = 1;
			remoteGlobalIDString = 51A5285622799D1F00700158;
			remoteInfo = MoolahRates;
		};
		51F16919227A163600DA8719 /* PBXContainerItemProxy */ = {
			isa = PBXContainerItemProxy;
			containerPortal = 51A5284F22799D1F00700158 /* Project object */;
			proxyType = 1;
			remoteGlobalIDString = 51CCABF72279E1F50056C4D9;
			remoteInfo = CurrencyCode;
		};
/* End PBXContainerItemProxy section */

/* Begin PBXCopyFilesBuildPhase section */
		51A5287D22799E4300700158 /* Embed Frameworks */ = {
			isa = PBXCopyFilesBuildPhase;
			buildActionMask = 2147483647;
			dstPath = "";
			dstSubfolderSpec = 10;
			files = (
				513D5A92227C02AB00D70DE6 /* SelectCurrencyScreen.framework in Embed Frameworks */,
				51CCABD82279DEFF0056C4D9 /* StoryboardInstantiatable.framework in Embed Frameworks */,
				51E205A3227AD18700E0046C /* CurrencyRate.framework in Embed Frameworks */,
				51A5287922799E4300700158 /* HomeScreen.framework in Embed Frameworks */,
				513D5AB3227C0C1400D70DE6 /* CalculatorScreen.framework in Embed Frameworks */,
				51CCAC002279E1F50056C4D9 /* CurrencyCode.framework in Embed Frameworks */,
			);
			name = "Embed Frameworks";
			runOnlyForDeploymentPostprocessing = 0;
		};
/* End PBXCopyFilesBuildPhase section */

/* Begin PBXFileReference section */
		513D5A81227BFCDC00D70DE6 /* AddCurrencyPairCell.swift */ = {isa = PBXFileReference; lastKnownFileType = sourcecode.swift; path = AddCurrencyPairCell.swift; sourceTree = "<group>"; };
		513D5A83227BFE9E00D70DE6 /* ExchangeRateCell.swift */ = {isa = PBXFileReference; lastKnownFileType = sourcecode.swift; path = ExchangeRateCell.swift; sourceTree = "<group>"; };
		513D5A8A227C02AB00D70DE6 /* SelectCurrencyScreen.framework */ = {isa = PBXFileReference; explicitFileType = wrapper.framework; includeInIndex = 0; path = SelectCurrencyScreen.framework; sourceTree = BUILT_PRODUCTS_DIR; };
		513D5A8C227C02AB00D70DE6 /* SelectCurrencyScreen.h */ = {isa = PBXFileReference; lastKnownFileType = sourcecode.c.h; path = SelectCurrencyScreen.h; sourceTree = "<group>"; };
		513D5A8D227C02AB00D70DE6 /* Info.plist */ = {isa = PBXFileReference; lastKnownFileType = text.plist.xml; path = Info.plist; sourceTree = "<group>"; };
		513D5A98227C02CF00D70DE6 /* SelectCurrencyViewController.swift */ = {isa = PBXFileReference; lastKnownFileType = sourcecode.swift; path = SelectCurrencyViewController.swift; sourceTree = "<group>"; };
		513D5A9C227C030500D70DE6 /* Assets.xcassets */ = {isa = PBXFileReference; lastKnownFileType = folder.assetcatalog; path = Assets.xcassets; sourceTree = "<group>"; };
		513D5A9E227C035D00D70DE6 /* Main.storyboard */ = {isa = PBXFileReference; lastKnownFileType = file.storyboard; path = Main.storyboard; sourceTree = "<group>"; };
		513D5AA0227C03E900D70DE6 /* CurrencyCell.swift */ = {isa = PBXFileReference; lastKnownFileType = sourcecode.swift; path = CurrencyCell.swift; sourceTree = "<group>"; };
		513D5AA2227C04D800D70DE6 /* Coordinator.swift */ = {isa = PBXFileReference; lastKnownFileType = sourcecode.swift; path = Coordinator.swift; sourceTree = "<group>"; };
		513D5AAB227C0C1300D70DE6 /* CalculatorScreen.framework */ = {isa = PBXFileReference; explicitFileType = wrapper.framework; includeInIndex = 0; path = CalculatorScreen.framework; sourceTree = BUILT_PRODUCTS_DIR; };
		513D5AAD227C0C1400D70DE6 /* CalculatorScreen.h */ = {isa = PBXFileReference; lastKnownFileType = sourcecode.c.h; path = CalculatorScreen.h; sourceTree = "<group>"; };
		513D5AAE227C0C1400D70DE6 /* Info.plist */ = {isa = PBXFileReference; lastKnownFileType = text.plist.xml; path = Info.plist; sourceTree = "<group>"; };
		513D5ABF227C0C5A00D70DE6 /* Coordinator.swift */ = {isa = PBXFileReference; lastKnownFileType = sourcecode.swift; path = Coordinator.swift; sourceTree = "<group>"; };
		513D5AC1227C0CAB00D70DE6 /* CalculatorViewController.swift */ = {isa = PBXFileReference; lastKnownFileType = sourcecode.swift; path = CalculatorViewController.swift; sourceTree = "<group>"; };
		513D5AC3227C0F8B00D70DE6 /* Main.storyboard */ = {isa = PBXFileReference; lastKnownFileType = file.storyboard; path = Main.storyboard; sourceTree = "<group>"; };
		514454B1227A03F800F69A70 /* XCTest.framework */ = {isa = PBXFileReference; lastKnownFileType = wrapper.framework; name = XCTest.framework; path = Platforms/iPhoneOS.platform/Developer/Library/Frameworks/XCTest.framework; sourceTree = DEVELOPER_DIR; };
		514454B3227A040200F69A70 /* CoreMedia.framework */ = {isa = PBXFileReference; lastKnownFileType = wrapper.framework; name = CoreMedia.framework; path = System/Library/Frameworks/CoreMedia.framework; sourceTree = SDKROOT; };
		51A5285722799D1F00700158 /* MoolahRates.app */ = {isa = PBXFileReference; explicitFileType = wrapper.application; includeInIndex = 0; path = MoolahRates.app; sourceTree = BUILT_PRODUCTS_DIR; };
		51A5285A22799D1F00700158 /* AppDelegate.swift */ = {isa = PBXFileReference; lastKnownFileType = sourcecode.swift; path = AppDelegate.swift; sourceTree = "<group>"; };
		51A5286122799D2100700158 /* Assets.xcassets */ = {isa = PBXFileReference; lastKnownFileType = folder.assetcatalog; path = Assets.xcassets; sourceTree = "<group>"; };
		51A5286622799D2100700158 /* Info.plist */ = {isa = PBXFileReference; lastKnownFileType = text.plist.xml; path = Info.plist; sourceTree = "<group>"; };
		51A5287122799E4300700158 /* HomeScreen.framework */ = {isa = PBXFileReference; explicitFileType = wrapper.framework; includeInIndex = 0; path = HomeScreen.framework; sourceTree = BUILT_PRODUCTS_DIR; };
		51A5287322799E4300700158 /* HomeScreen.h */ = {isa = PBXFileReference; lastKnownFileType = sourcecode.c.h; path = HomeScreen.h; sourceTree = "<group>"; };
		51A5287422799E4300700158 /* Info.plist */ = {isa = PBXFileReference; lastKnownFileType = text.plist.xml; path = Info.plist; sourceTree = "<group>"; };
		51A5289822799F0100700158 /* Coordinator.swift */ = {isa = PBXFileReference; lastKnownFileType = sourcecode.swift; path = Coordinator.swift; sourceTree = "<group>"; };
		51A5289A2279A07000700158 /* HomeViewController.swift */ = {isa = PBXFileReference; lastKnownFileType = sourcecode.swift; path = HomeViewController.swift; sourceTree = "<group>"; };
		51A5289E2279A17000700158 /* Assets.xcassets */ = {isa = PBXFileReference; lastKnownFileType = folder.assetcatalog; path = Assets.xcassets; sourceTree = "<group>"; };
		51A528A02279A17A00700158 /* Main.storyboard */ = {isa = PBXFileReference; lastKnownFileType = file.storyboard; path = Main.storyboard; sourceTree = "<group>"; };
		51CC0D262279FBBA00503D90 /* LocalizedName.swift */ = {isa = PBXFileReference; lastKnownFileType = sourcecode.swift; path = LocalizedName.swift; sourceTree = "<group>"; };
		51CC0D292279FBEE00503D90 /* BundleWrapper.swift */ = {isa = PBXFileReference; lastKnownFileType = sourcecode.swift; path = BundleWrapper.swift; sourceTree = "<group>"; };
		51CCABD02279DEFF0056C4D9 /* StoryboardInstantiatable.framework */ = {isa = PBXFileReference; explicitFileType = wrapper.framework; includeInIndex = 0; path = StoryboardInstantiatable.framework; sourceTree = BUILT_PRODUCTS_DIR; };
		51CCABD22279DEFF0056C4D9 /* StoryboardInstantiatable.h */ = {isa = PBXFileReference; lastKnownFileType = sourcecode.c.h; path = StoryboardInstantiatable.h; sourceTree = "<group>"; };
		51CCABD32279DEFF0056C4D9 /* Info.plist */ = {isa = PBXFileReference; lastKnownFileType = text.plist.xml; path = Info.plist; sourceTree = "<group>"; };
		51CCABDF2279DF510056C4D9 /* StoryboardInstantiatable.swift */ = {isa = PBXFileReference; lastKnownFileType = sourcecode.swift; path = StoryboardInstantiatable.swift; sourceTree = "<group>"; };
		51CCABF82279E1F50056C4D9 /* CurrencyCode.framework */ = {isa = PBXFileReference; explicitFileType = wrapper.framework; includeInIndex = 0; path = CurrencyCode.framework; sourceTree = BUILT_PRODUCTS_DIR; };
		51CCABFA2279E1F50056C4D9 /* CurrencyCode.h */ = {isa = PBXFileReference; lastKnownFileType = sourcecode.c.h; path = CurrencyCode.h; sourceTree = "<group>"; };
		51CCABFB2279E1F50056C4D9 /* Info.plist */ = {isa = PBXFileReference; lastKnownFileType = text.plist.xml; path = Info.plist; sourceTree = "<group>"; };
		51CCAC072279E2210056C4D9 /* CurrencyCode.swift */ = {isa = PBXFileReference; lastKnownFileType = sourcecode.swift; path = CurrencyCode.swift; sourceTree = "<group>"; };
		51CCAC092279E2AF0056C4D9 /* CurrencyPair.swift */ = {isa = PBXFileReference; lastKnownFileType = sourcecode.swift; path = CurrencyPair.swift; sourceTree = "<group>"; };
		51E2059B227AD18600E0046C /* CurrencyRate.framework */ = {isa = PBXFileReference; explicitFileType = wrapper.framework; includeInIndex = 0; path = CurrencyRate.framework; sourceTree = BUILT_PRODUCTS_DIR; };
		51E2059D227AD18700E0046C /* CurrencyRate.h */ = {isa = PBXFileReference; lastKnownFileType = sourcecode.c.h; path = CurrencyRate.h; sourceTree = "<group>"; };
		51E2059E227AD18700E0046C /* Info.plist */ = {isa = PBXFileReference; lastKnownFileType = text.plist.xml; path = Info.plist; sourceTree = "<group>"; };
		51E205AA227AD1BB00E0046C /* CurrencyRate.swift */ = {isa = PBXFileReference; lastKnownFileType = sourcecode.swift; path = CurrencyRate.swift; sourceTree = "<group>"; };
		51E205AE227AD50300E0046C /* CurrencyRateTests.swift */ = {isa = PBXFileReference; lastKnownFileType = sourcecode.swift; path = CurrencyRateTests.swift; sourceTree = "<group>"; };
		51F1690F227A15C500DA8719 /* MoolahRatesTests.xctest */ = {isa = PBXFileReference; explicitFileType = wrapper.cfbundle; includeInIndex = 0; path = MoolahRatesTests.xctest; sourceTree = BUILT_PRODUCTS_DIR; };
		51F16911227A15C600DA8719 /* CurrencyCodeTests.swift */ = {isa = PBXFileReference; lastKnownFileType = sourcecode.swift; path = CurrencyCodeTests.swift; sourceTree = "<group>"; };
		51F16913227A15C600DA8719 /* Info.plist */ = {isa = PBXFileReference; lastKnownFileType = text.plist.xml; path = Info.plist; sourceTree = "<group>"; };
		75AA53EBB0E5A623CBCBA096 /* Pods_MoolahRates.framework */ = {isa = PBXFileReference; explicitFileType = wrapper.framework; includeInIndex = 0; path = Pods_MoolahRates.framework; sourceTree = BUILT_PRODUCTS_DIR; };
		8A549F9C76E76BB34B5933E8 /* Pods-HomeScreen.release.xcconfig */ = {isa = PBXFileReference; includeInIndex = 1; lastKnownFileType = text.xcconfig; name = "Pods-HomeScreen.release.xcconfig"; path = "Target Support Files/Pods-HomeScreen/Pods-HomeScreen.release.xcconfig"; sourceTree = "<group>"; };
		C36B08E813535AB68DF429B3 /* Pods-MoolahRates.debug.xcconfig */ = {isa = PBXFileReference; includeInIndex = 1; lastKnownFileType = text.xcconfig; name = "Pods-MoolahRates.debug.xcconfig"; path = "Target Support Files/Pods-MoolahRates/Pods-MoolahRates.debug.xcconfig"; sourceTree = "<group>"; };
		C532D5E5166A21B9B1BB1D45 /* Pods-HomeScreen.debug.xcconfig */ = {isa = PBXFileReference; includeInIndex = 1; lastKnownFileType = text.xcconfig; name = "Pods-HomeScreen.debug.xcconfig"; path = "Target Support Files/Pods-HomeScreen/Pods-HomeScreen.debug.xcconfig"; sourceTree = "<group>"; };
		C5A4D92E035B8F375E235A01 /* Pods_HomeScreen.framework */ = {isa = PBXFileReference; explicitFileType = wrapper.framework; includeInIndex = 0; path = Pods_HomeScreen.framework; sourceTree = BUILT_PRODUCTS_DIR; };
		F0E8E9C073D65E52636EAE4C /* Pods-MoolahRates.release.xcconfig */ = {isa = PBXFileReference; includeInIndex = 1; lastKnownFileType = text.xcconfig; name = "Pods-MoolahRates.release.xcconfig"; path = "Target Support Files/Pods-MoolahRates/Pods-MoolahRates.release.xcconfig"; sourceTree = "<group>"; };
/* End PBXFileReference section */

/* Begin PBXFrameworksBuildPhase section */
		513D5A87227C02AB00D70DE6 /* Frameworks */ = {
			isa = PBXFrameworksBuildPhase;
			buildActionMask = 2147483647;
			files = (
			);
			runOnlyForDeploymentPostprocessing = 0;
		};
		513D5AA8227C0C1300D70DE6 /* Frameworks */ = {
			isa = PBXFrameworksBuildPhase;
			buildActionMask = 2147483647;
			files = (
			);
			runOnlyForDeploymentPostprocessing = 0;
		};
		51A5285422799D1F00700158 /* Frameworks */ = {
			isa = PBXFrameworksBuildPhase;
			buildActionMask = 2147483647;
			files = (
				51CCABFF2279E1F50056C4D9 /* CurrencyCode.framework in Frameworks */,
				513D5AB2227C0C1400D70DE6 /* CalculatorScreen.framework in Frameworks */,
				51CCABD72279DEFF0056C4D9 /* StoryboardInstantiatable.framework in Frameworks */,
				51A5287822799E4300700158 /* HomeScreen.framework in Frameworks */,
				51E205A2227AD18700E0046C /* CurrencyRate.framework in Frameworks */,
				A950D6AB06368FE00FA75E93 /* Pods_MoolahRates.framework in Frameworks */,
				513D5A91227C02AB00D70DE6 /* SelectCurrencyScreen.framework in Frameworks */,
			);
			runOnlyForDeploymentPostprocessing = 0;
		};
		51A5286E22799E4300700158 /* Frameworks */ = {
			isa = PBXFrameworksBuildPhase;
			buildActionMask = 2147483647;
			files = (
				73E37B9D9B047760D01858AD /* Pods_HomeScreen.framework in Frameworks */,
			);
			runOnlyForDeploymentPostprocessing = 0;
		};
		51CCABCD2279DEFF0056C4D9 /* Frameworks */ = {
			isa = PBXFrameworksBuildPhase;
			buildActionMask = 2147483647;
			files = (
			);
			runOnlyForDeploymentPostprocessing = 0;
		};
		51CCABF52279E1F50056C4D9 /* Frameworks */ = {
			isa = PBXFrameworksBuildPhase;
			buildActionMask = 2147483647;
			files = (
			);
			runOnlyForDeploymentPostprocessing = 0;
		};
		51E20598227AD18600E0046C /* Frameworks */ = {
			isa = PBXFrameworksBuildPhase;
			buildActionMask = 2147483647;
			files = (
			);
			runOnlyForDeploymentPostprocessing = 0;
		};
		51F1690C227A15C500DA8719 /* Frameworks */ = {
			isa = PBXFrameworksBuildPhase;
			buildActionMask = 2147483647;
			files = (
			);
			runOnlyForDeploymentPostprocessing = 0;
		};
/* End PBXFrameworksBuildPhase section */

/* Begin PBXGroup section */
		513D5A8B227C02AB00D70DE6 /* SelectCurrencyScreen */ = {
			isa = PBXGroup;
			children = (
				513D5A8C227C02AB00D70DE6 /* SelectCurrencyScreen.h */,
				513D5A96227C02B800D70DE6 /* Public */,
				513D5A97227C02BC00D70DE6 /* Internal */,
				513D5A8D227C02AB00D70DE6 /* Info.plist */,
			);
			path = SelectCurrencyScreen;
			sourceTree = "<group>";
		};
		513D5A96227C02B800D70DE6 /* Public */ = {
			isa = PBXGroup;
			children = (
				513D5AA2227C04D800D70DE6 /* Coordinator.swift */,
			);
			path = Public;
			sourceTree = "<group>";
		};
		513D5A97227C02BC00D70DE6 /* Internal */ = {
			isa = PBXGroup;
			children = (
				513D5A98227C02CF00D70DE6 /* SelectCurrencyViewController.swift */,
				513D5AA0227C03E900D70DE6 /* CurrencyCell.swift */,
				513D5A9C227C030500D70DE6 /* Assets.xcassets */,
				513D5A9E227C035D00D70DE6 /* Main.storyboard */,
			);
			path = Internal;
			sourceTree = "<group>";
		};
		513D5AAC227C0C1400D70DE6 /* CalculatorScreen */ = {
			isa = PBXGroup;
			children = (
				513D5AAD227C0C1400D70DE6 /* CalculatorScreen.h */,
				513D5ABD227C0C4300D70DE6 /* Public */,
				513D5ABE227C0C4800D70DE6 /* Internal */,
				513D5AAE227C0C1400D70DE6 /* Info.plist */,
			);
			path = CalculatorScreen;
			sourceTree = "<group>";
		};
		513D5ABD227C0C4300D70DE6 /* Public */ = {
			isa = PBXGroup;
			children = (
				513D5ABF227C0C5A00D70DE6 /* Coordinator.swift */,
			);
			path = Public;
			sourceTree = "<group>";
		};
		513D5ABE227C0C4800D70DE6 /* Internal */ = {
			isa = PBXGroup;
			children = (
				513D5AC1227C0CAB00D70DE6 /* CalculatorViewController.swift */,
				513D5AC3227C0F8B00D70DE6 /* Main.storyboard */,
			);
			path = Internal;
			sourceTree = "<group>";
		};
		513D5AC5227C16C700D70DE6 /* Screens */ = {
			isa = PBXGroup;
			children = (
				51A5287222799E4300700158 /* HomeScreen */,
				513D5A8B227C02AB00D70DE6 /* SelectCurrencyScreen */,
				513D5AAC227C0C1400D70DE6 /* CalculatorScreen */,
			);
			path = Screens;
			sourceTree = "<group>";
		};
		513D5AC6227C16CD00D70DE6 /* Services */ = {
			isa = PBXGroup;
			children = (
				51CCABF92279E1F50056C4D9 /* CurrencyCode */,
				51E2059C227AD18700E0046C /* CurrencyRate */,
				51CCABD12279DEFF0056C4D9 /* StoryboardInstantiatable */,
			);
			path = Services;
			sourceTree = "<group>";
		};
		51A5284E22799D1F00700158 = {
			isa = PBXGroup;
			children = (
				51A5285922799D1F00700158 /* MoolahRates */,
				513D5AC6227C16CD00D70DE6 /* Services */,
				513D5AC5227C16C700D70DE6 /* Screens */,
				51F16910227A15C600DA8719 /* MoolahRatesTests */,
				51A5285822799D1F00700158 /* Products */,
				E5822EFB70295355D8EE6BDA /* Frameworks */,
				A867233C3079D207B5F5E1AB /* Pods */,
			);
			sourceTree = "<group>";
		};
		51A5285822799D1F00700158 /* Products */ = {
			isa = PBXGroup;
			children = (
				51A5285722799D1F00700158 /* MoolahRates.app */,
				51A5287122799E4300700158 /* HomeScreen.framework */,
				51CCABD02279DEFF0056C4D9 /* StoryboardInstantiatable.framework */,
				51CCABF82279E1F50056C4D9 /* CurrencyCode.framework */,
				51F1690F227A15C500DA8719 /* MoolahRatesTests.xctest */,
				51E2059B227AD18600E0046C /* CurrencyRate.framework */,
				513D5A8A227C02AB00D70DE6 /* SelectCurrencyScreen.framework */,
				513D5AAB227C0C1300D70DE6 /* CalculatorScreen.framework */,
			);
			name = Products;
			sourceTree = "<group>";
		};
		51A5285922799D1F00700158 /* MoolahRates */ = {
			isa = PBXGroup;
			children = (
				51A5285A22799D1F00700158 /* AppDelegate.swift */,
				51A5286122799D2100700158 /* Assets.xcassets */,
				51A5286622799D2100700158 /* Info.plist */,
			);
			path = MoolahRates;
			sourceTree = "<group>";
		};
		51A5287222799E4300700158 /* HomeScreen */ = {
			isa = PBXGroup;
			children = (
				51A5287322799E4300700158 /* HomeScreen.h */,
				51A5287E22799E5C00700158 /* Public */,
				51A5287F22799E6100700158 /* Internal */,
				51A5287422799E4300700158 /* Info.plist */,
			);
			path = HomeScreen;
			sourceTree = "<group>";
		};
		51A5287E22799E5C00700158 /* Public */ = {
			isa = PBXGroup;
			children = (
				51A5289822799F0100700158 /* Coordinator.swift */,
			);
			path = Public;
			sourceTree = "<group>";
		};
		51A5287F22799E6100700158 /* Internal */ = {
			isa = PBXGroup;
			children = (
				51A5288022799E7000700158 /* View */,
				51A5288122799E7500700158 /* Interactor */,
				51A5288222799E7900700158 /* Presenter */,
			);
			path = Internal;
			sourceTree = "<group>";
		};
		51A5288022799E7000700158 /* View */ = {
			isa = PBXGroup;
			children = (
				51A5289A2279A07000700158 /* HomeViewController.swift */,
				513D5A81227BFCDC00D70DE6 /* AddCurrencyPairCell.swift */,
				513D5A83227BFE9E00D70DE6 /* ExchangeRateCell.swift */,
				51A5289E2279A17000700158 /* Assets.xcassets */,
				51A528A02279A17A00700158 /* Main.storyboard */,
			);
			path = View;
			sourceTree = "<group>";
		};
		51A5288122799E7500700158 /* Interactor */ = {
			isa = PBXGroup;
			children = (
			);
			path = Interactor;
			sourceTree = "<group>";
		};
		51A5288222799E7900700158 /* Presenter */ = {
			isa = PBXGroup;
			children = (
			);
			path = Presenter;
			sourceTree = "<group>";
		};
		51CC0D282279FBE300503D90 /* Internal */ = {
			isa = PBXGroup;
			children = (
				51CC0D292279FBEE00503D90 /* BundleWrapper.swift */,
			);
			path = Internal;
			sourceTree = "<group>";
		};
		51CCABD12279DEFF0056C4D9 /* StoryboardInstantiatable */ = {
			isa = PBXGroup;
			children = (
				51CCABD22279DEFF0056C4D9 /* StoryboardInstantiatable.h */,
				51CCABDE2279DF450056C4D9 /* Public */,
				51CCABD32279DEFF0056C4D9 /* Info.plist */,
			);
			path = StoryboardInstantiatable;
			sourceTree = "<group>";
		};
		51CCABDE2279DF450056C4D9 /* Public */ = {
			isa = PBXGroup;
			children = (
				51CCABDF2279DF510056C4D9 /* StoryboardInstantiatable.swift */,
			);
			path = Public;
			sourceTree = "<group>";
		};
		51CCABF92279E1F50056C4D9 /* CurrencyCode */ = {
			isa = PBXGroup;
			children = (
				51CCABFA2279E1F50056C4D9 /* CurrencyCode.h */,
				51CCAC062279E2130056C4D9 /* Public */,
				51CC0D282279FBE300503D90 /* Internal */,
				51CCABFB2279E1F50056C4D9 /* Info.plist */,
			);
			path = CurrencyCode;
			sourceTree = "<group>";
		};
		51CCAC062279E2130056C4D9 /* Public */ = {
			isa = PBXGroup;
			children = (
				51CCAC072279E2210056C4D9 /* CurrencyCode.swift */,
				51CCAC092279E2AF0056C4D9 /* CurrencyPair.swift */,
				51CC0D262279FBBA00503D90 /* LocalizedName.swift */,
			);
			path = Public;
			sourceTree = "<group>";
		};
		51E2059C227AD18700E0046C /* CurrencyRate */ = {
			isa = PBXGroup;
			children = (
				51E2059D227AD18700E0046C /* CurrencyRate.h */,
				51E205A9227AD1B000E0046C /* Public */,
				51E2059E227AD18700E0046C /* Info.plist */,
			);
			path = CurrencyRate;
			sourceTree = "<group>";
		};
		51E205A9227AD1B000E0046C /* Public */ = {
			isa = PBXGroup;
			children = (
				51E205AA227AD1BB00E0046C /* CurrencyRate.swift */,
			);
			path = Public;
			sourceTree = "<group>";
		};
		51F16910227A15C600DA8719 /* MoolahRatesTests */ = {
			isa = PBXGroup;
			children = (
				51F16911227A15C600DA8719 /* CurrencyCodeTests.swift */,
				51E205AE227AD50300E0046C /* CurrencyRateTests.swift */,
				51F16913227A15C600DA8719 /* Info.plist */,
			);
			path = MoolahRatesTests;
			sourceTree = "<group>";
		};
		A867233C3079D207B5F5E1AB /* Pods */ = {
			isa = PBXGroup;
			children = (
				C532D5E5166A21B9B1BB1D45 /* Pods-HomeScreen.debug.xcconfig */,
				8A549F9C76E76BB34B5933E8 /* Pods-HomeScreen.release.xcconfig */,
				C36B08E813535AB68DF429B3 /* Pods-MoolahRates.debug.xcconfig */,
				F0E8E9C073D65E52636EAE4C /* Pods-MoolahRates.release.xcconfig */,
			);
			path = Pods;
			sourceTree = "<group>";
		};
		E5822EFB70295355D8EE6BDA /* Frameworks */ = {
			isa = PBXGroup;
			children = (
				514454B3227A040200F69A70 /* CoreMedia.framework */,
				514454B1227A03F800F69A70 /* XCTest.framework */,
				C5A4D92E035B8F375E235A01 /* Pods_HomeScreen.framework */,
				75AA53EBB0E5A623CBCBA096 /* Pods_MoolahRates.framework */,
			);
			name = Frameworks;
			sourceTree = "<group>";
		};
/* End PBXGroup section */

/* Begin PBXHeadersBuildPhase section */
		513D5A85227C02AB00D70DE6 /* Headers */ = {
			isa = PBXHeadersBuildPhase;
			buildActionMask = 2147483647;
			files = (
				513D5A8E227C02AB00D70DE6 /* SelectCurrencyScreen.h in Headers */,
			);
			runOnlyForDeploymentPostprocessing = 0;
		};
		513D5AA6227C0C1300D70DE6 /* Headers */ = {
			isa = PBXHeadersBuildPhase;
			buildActionMask = 2147483647;
			files = (
				513D5AAF227C0C1400D70DE6 /* CalculatorScreen.h in Headers */,
			);
			runOnlyForDeploymentPostprocessing = 0;
		};
		51A5286C22799E4300700158 /* Headers */ = {
			isa = PBXHeadersBuildPhase;
			buildActionMask = 2147483647;
			files = (
				51A5287522799E4300700158 /* HomeScreen.h in Headers */,
			);
			runOnlyForDeploymentPostprocessing = 0;
		};
		51CCABCB2279DEFF0056C4D9 /* Headers */ = {
			isa = PBXHeadersBuildPhase;
			buildActionMask = 2147483647;
			files = (
				51CCABD42279DEFF0056C4D9 /* StoryboardInstantiatable.h in Headers */,
			);
			runOnlyForDeploymentPostprocessing = 0;
		};
		51CCABF32279E1F50056C4D9 /* Headers */ = {
			isa = PBXHeadersBuildPhase;
			buildActionMask = 2147483647;
			files = (
				51CCABFC2279E1F50056C4D9 /* CurrencyCode.h in Headers */,
			);
			runOnlyForDeploymentPostprocessing = 0;
		};
		51E20596227AD18600E0046C /* Headers */ = {
			isa = PBXHeadersBuildPhase;
			buildActionMask = 2147483647;
			files = (
				51E2059F227AD18700E0046C /* CurrencyRate.h in Headers */,
			);
			runOnlyForDeploymentPostprocessing = 0;
		};
/* End PBXHeadersBuildPhase section */

/* Begin PBXNativeTarget section */
		513D5A89227C02AB00D70DE6 /* SelectCurrencyScreen */ = {
			isa = PBXNativeTarget;
			buildConfigurationList = 513D5A93227C02AB00D70DE6 /* Build configuration list for PBXNativeTarget "SelectCurrencyScreen" */;
			buildPhases = (
				513D5A85227C02AB00D70DE6 /* Headers */,
				513D5A86227C02AB00D70DE6 /* Sources */,
				513D5A87227C02AB00D70DE6 /* Frameworks */,
				513D5A88227C02AB00D70DE6 /* Resources */,
			);
			buildRules = (
			);
			dependencies = (
				513D5A9B227C02DA00D70DE6 /* PBXTargetDependency */,
				513D5AA5227C059300D70DE6 /* PBXTargetDependency */,
			);
			name = SelectCurrencyScreen;
			productName = SelectCurrencyScreen;
			productReference = 513D5A8A227C02AB00D70DE6 /* SelectCurrencyScreen.framework */;
			productType = "com.apple.product-type.framework";
		};
		513D5AAA227C0C1300D70DE6 /* CalculatorScreen */ = {
			isa = PBXNativeTarget;
			buildConfigurationList = 513D5AB4227C0C1400D70DE6 /* Build configuration list for PBXNativeTarget "CalculatorScreen" */;
			buildPhases = (
				513D5AA6227C0C1300D70DE6 /* Headers */,
				513D5AA7227C0C1300D70DE6 /* Sources */,
				513D5AA8227C0C1300D70DE6 /* Frameworks */,
				513D5AA9227C0C1300D70DE6 /* Resources */,
			);
			buildRules = (
			);
			dependencies = (
				513D5AB8227C0C3C00D70DE6 /* PBXTargetDependency */,
				513D5ABA227C0C3C00D70DE6 /* PBXTargetDependency */,
				513D5ABC227C0C3C00D70DE6 /* PBXTargetDependency */,
			);
			name = CalculatorScreen;
			productName = CalculatorScreen;
			productReference = 513D5AAB227C0C1300D70DE6 /* CalculatorScreen.framework */;
			productType = "com.apple.product-type.framework";
		};
		51A5285622799D1F00700158 /* MoolahRates */ = {
			isa = PBXNativeTarget;
			buildConfigurationList = 51A5286922799D2100700158 /* Build configuration list for PBXNativeTarget "MoolahRates" */;
			buildPhases = (
				395A3CD97BA1EA5515E2CF73 /* [CP] Check Pods Manifest.lock */,
				51A5285322799D1F00700158 /* Sources */,
				51A5285422799D1F00700158 /* Frameworks */,
				51A5285522799D1F00700158 /* Resources */,
				51A5287D22799E4300700158 /* Embed Frameworks */,
			);
			buildRules = (
			);
			dependencies = (
				51A5287722799E4300700158 /* PBXTargetDependency */,
				51CCABD62279DEFF0056C4D9 /* PBXTargetDependency */,
				51CCABFE2279E1F50056C4D9 /* PBXTargetDependency */,
				51E205A1227AD18700E0046C /* PBXTargetDependency */,
				513D5A90227C02AB00D70DE6 /* PBXTargetDependency */,
				513D5AB1227C0C1400D70DE6 /* PBXTargetDependency */,
			);
			name = MoolahRates;
			productName = MoolahRates;
			productReference = 51A5285722799D1F00700158 /* MoolahRates.app */;
			productType = "com.apple.product-type.application";
		};
		51A5287022799E4300700158 /* HomeScreen */ = {
			isa = PBXNativeTarget;
			buildConfigurationList = 51A5287A22799E4300700158 /* Build configuration list for PBXNativeTarget "HomeScreen" */;
			buildPhases = (
				B6FDD6906C762DD66759FDC5 /* [CP] Check Pods Manifest.lock */,
				51A5286C22799E4300700158 /* Headers */,
				51A5286D22799E4300700158 /* Sources */,
				51A5286E22799E4300700158 /* Frameworks */,
				51A5286F22799E4300700158 /* Resources */,
			);
			buildRules = (
			);
			dependencies = (
				51CCAC052279E20B0056C4D9 /* PBXTargetDependency */,
				51CCABDD2279DF410056C4D9 /* PBXTargetDependency */,
			);
			name = HomeScreen;
			productName = HomeScreen;
			productReference = 51A5287122799E4300700158 /* HomeScreen.framework */;
			productType = "com.apple.product-type.framework";
		};
		51CCABCF2279DEFF0056C4D9 /* StoryboardInstantiatable */ = {
			isa = PBXNativeTarget;
			buildConfigurationList = 51CCABD92279DEFF0056C4D9 /* Build configuration list for PBXNativeTarget "StoryboardInstantiatable" */;
			buildPhases = (
				51CCABCB2279DEFF0056C4D9 /* Headers */,
				51CCABCC2279DEFF0056C4D9 /* Sources */,
				51CCABCD2279DEFF0056C4D9 /* Frameworks */,
				51CCABCE2279DEFF0056C4D9 /* Resources */,
			);
			buildRules = (
			);
			dependencies = (
			);
			name = StoryboardInstantiatable;
			productName = StoryboardInstantiatable;
			productReference = 51CCABD02279DEFF0056C4D9 /* StoryboardInstantiatable.framework */;
			productType = "com.apple.product-type.framework";
		};
		51CCABF72279E1F50056C4D9 /* CurrencyCode */ = {
			isa = PBXNativeTarget;
			buildConfigurationList = 51CCAC012279E1F50056C4D9 /* Build configuration list for PBXNativeTarget "CurrencyCode" */;
			buildPhases = (
				51CCABF32279E1F50056C4D9 /* Headers */,
				51CCABF42279E1F50056C4D9 /* Sources */,
				51CCABF52279E1F50056C4D9 /* Frameworks */,
				51CCABF62279E1F50056C4D9 /* Resources */,
			);
			buildRules = (
			);
			dependencies = (
			);
			name = CurrencyCode;
			productName = CurrencyCode;
			productReference = 51CCABF82279E1F50056C4D9 /* CurrencyCode.framework */;
			productType = "com.apple.product-type.framework";
		};
		51E2059A227AD18600E0046C /* CurrencyRate */ = {
			isa = PBXNativeTarget;
			buildConfigurationList = 51E205A6227AD18700E0046C /* Build configuration list for PBXNativeTarget "CurrencyRate" */;
			buildPhases = (
				51E20596227AD18600E0046C /* Headers */,
				51E20597227AD18600E0046C /* Sources */,
				51E20598227AD18600E0046C /* Frameworks */,
				51E20599227AD18600E0046C /* Resources */,
			);
			buildRules = (
			);
			dependencies = (
				51E205AD227AD1C800E0046C /* PBXTargetDependency */,
			);
			name = CurrencyRate;
			productName = CurrencyRate;
			productReference = 51E2059B227AD18600E0046C /* CurrencyRate.framework */;
			productType = "com.apple.product-type.framework";
		};
		51F1690E227A15C500DA8719 /* MoolahRatesTests */ = {
			isa = PBXNativeTarget;
			buildConfigurationList = 51F16918227A15C600DA8719 /* Build configuration list for PBXNativeTarget "MoolahRatesTests" */;
			buildPhases = (
				51F1690B227A15C500DA8719 /* Sources */,
				51F1690C227A15C500DA8719 /* Frameworks */,
				51F1690D227A15C500DA8719 /* Resources */,
			);
			buildRules = (
			);
			dependencies = (
				51F16915227A15C600DA8719 /* PBXTargetDependency */,
				51F1691A227A163600DA8719 /* PBXTargetDependency */,
				51E205A8227AD1A300E0046C /* PBXTargetDependency */,
			);
			name = MoolahRatesTests;
			productName = MoolahRatesTests;
			productReference = 51F1690F227A15C500DA8719 /* MoolahRatesTests.xctest */;
			productType = "com.apple.product-type.bundle.unit-test";
		};
/* End PBXNativeTarget section */

/* Begin PBXProject section */
		51A5284F22799D1F00700158 /* Project object */ = {
			isa = PBXProject;
			attributes = {
				LastSwiftUpdateCheck = 1020;
				LastUpgradeCheck = 1020;
				ORGANIZATIONNAME = "Pavel Krasnobrovkin";
				TargetAttributes = {
					513D5A89227C02AB00D70DE6 = {
						CreatedOnToolsVersion = 10.2.1;
						LastSwiftMigration = 1020;
					};
					513D5AAA227C0C1300D70DE6 = {
						CreatedOnToolsVersion = 10.2.1;
						LastSwiftMigration = 1020;
					};
					51A5285622799D1F00700158 = {
						CreatedOnToolsVersion = 10.2.1;
					};
					51A5287022799E4300700158 = {
						CreatedOnToolsVersion = 10.2.1;
						LastSwiftMigration = 1020;
					};
					51CCABCF2279DEFF0056C4D9 = {
						CreatedOnToolsVersion = 10.2.1;
						LastSwiftMigration = 1020;
					};
					51CCABF72279E1F50056C4D9 = {
						CreatedOnToolsVersion = 10.2.1;
						LastSwiftMigration = 1020;
					};
					51E2059A227AD18600E0046C = {
						CreatedOnToolsVersion = 10.2.1;
						LastSwiftMigration = 1020;
					};
					51F1690E227A15C500DA8719 = {
						CreatedOnToolsVersion = 10.2.1;
						TestTargetID = 51A5285622799D1F00700158;
					};
				};
			};
			buildConfigurationList = 51A5285222799D1F00700158 /* Build configuration list for PBXProject "MoolahRates" */;
			compatibilityVersion = "Xcode 10.0";
			developmentRegion = en;
			hasScannedForEncodings = 0;
			knownRegions = (
				en,
				Base,
			);
			mainGroup = 51A5284E22799D1F00700158;
			productRefGroup = 51A5285822799D1F00700158 /* Products */;
			projectDirPath = "";
			projectRoot = "";
			targets = (
				51A5285622799D1F00700158 /* MoolahRates */,
				51CCABF72279E1F50056C4D9 /* CurrencyCode */,
				51E2059A227AD18600E0046C /* CurrencyRate */,
				51CCABCF2279DEFF0056C4D9 /* StoryboardInstantiatable */,
				51A5287022799E4300700158 /* HomeScreen */,
				513D5A89227C02AB00D70DE6 /* SelectCurrencyScreen */,
				513D5AAA227C0C1300D70DE6 /* CalculatorScreen */,
				51F1690E227A15C500DA8719 /* MoolahRatesTests */,
			);
		};
/* End PBXProject section */

/* Begin PBXResourcesBuildPhase section */
		513D5A88227C02AB00D70DE6 /* Resources */ = {
			isa = PBXResourcesBuildPhase;
			buildActionMask = 2147483647;
			files = (
				513D5A9D227C030500D70DE6 /* Assets.xcassets in Resources */,
				513D5A9F227C035D00D70DE6 /* Main.storyboard in Resources */,
			);
			runOnlyForDeploymentPostprocessing = 0;
		};
		513D5AA9227C0C1300D70DE6 /* Resources */ = {
			isa = PBXResourcesBuildPhase;
			buildActionMask = 2147483647;
			files = (
				513D5AC4227C0F8B00D70DE6 /* Main.storyboard in Resources */,
			);
			runOnlyForDeploymentPostprocessing = 0;
		};
		51A5285522799D1F00700158 /* Resources */ = {
			isa = PBXResourcesBuildPhase;
			buildActionMask = 2147483647;
			files = (
				51A5286222799D2100700158 /* Assets.xcassets in Resources */,
			);
			runOnlyForDeploymentPostprocessing = 0;
		};
		51A5286F22799E4300700158 /* Resources */ = {
			isa = PBXResourcesBuildPhase;
			buildActionMask = 2147483647;
			files = (
				51A5289F2279A17000700158 /* Assets.xcassets in Resources */,
				51A528A12279A17A00700158 /* Main.storyboard in Resources */,
			);
			runOnlyForDeploymentPostprocessing = 0;
		};
		51CCABCE2279DEFF0056C4D9 /* Resources */ = {
			isa = PBXResourcesBuildPhase;
			buildActionMask = 2147483647;
			files = (
			);
			runOnlyForDeploymentPostprocessing = 0;
		};
		51CCABF62279E1F50056C4D9 /* Resources */ = {
			isa = PBXResourcesBuildPhase;
			buildActionMask = 2147483647;
			files = (
			);
			runOnlyForDeploymentPostprocessing = 0;
		};
		51E20599227AD18600E0046C /* Resources */ = {
			isa = PBXResourcesBuildPhase;
			buildActionMask = 2147483647;
			files = (
			);
			runOnlyForDeploymentPostprocessing = 0;
		};
		51F1690D227A15C500DA8719 /* Resources */ = {
			isa = PBXResourcesBuildPhase;
			buildActionMask = 2147483647;
			files = (
			);
			runOnlyForDeploymentPostprocessing = 0;
		};
/* End PBXResourcesBuildPhase section */

/* Begin PBXShellScriptBuildPhase section */
		395A3CD97BA1EA5515E2CF73 /* [CP] Check Pods Manifest.lock */ = {
			isa = PBXShellScriptBuildPhase;
			buildActionMask = 2147483647;
			files = (
			);
			inputFileListPaths = (
			);
			inputPaths = (
				"${PODS_PODFILE_DIR_PATH}/Podfile.lock",
				"${PODS_ROOT}/Manifest.lock",
			);
			name = "[CP] Check Pods Manifest.lock";
			outputFileListPaths = (
			);
			outputPaths = (
				"$(DERIVED_FILE_DIR)/Pods-MoolahRates-checkManifestLockResult.txt",
			);
			runOnlyForDeploymentPostprocessing = 0;
			shellPath = /bin/sh;
			shellScript = "diff \"${PODS_PODFILE_DIR_PATH}/Podfile.lock\" \"${PODS_ROOT}/Manifest.lock\" > /dev/null\nif [ $? != 0 ] ; then\n    # print error to STDERR\n    echo \"error: The sandbox is not in sync with the Podfile.lock. Run 'pod install' or update your CocoaPods installation.\" >&2\n    exit 1\nfi\n# This output is used by Xcode 'outputs' to avoid re-running this script phase.\necho \"SUCCESS\" > \"${SCRIPT_OUTPUT_FILE_0}\"\n";
			showEnvVarsInLog = 0;
		};
		B6FDD6906C762DD66759FDC5 /* [CP] Check Pods Manifest.lock */ = {
			isa = PBXShellScriptBuildPhase;
			buildActionMask = 2147483647;
			files = (
			);
			inputFileListPaths = (
			);
			inputPaths = (
				"${PODS_PODFILE_DIR_PATH}/Podfile.lock",
				"${PODS_ROOT}/Manifest.lock",
			);
			name = "[CP] Check Pods Manifest.lock";
			outputFileListPaths = (
			);
			outputPaths = (
				"$(DERIVED_FILE_DIR)/Pods-HomeScreen-checkManifestLockResult.txt",
			);
			runOnlyForDeploymentPostprocessing = 0;
			shellPath = /bin/sh;
			shellScript = "diff \"${PODS_PODFILE_DIR_PATH}/Podfile.lock\" \"${PODS_ROOT}/Manifest.lock\" > /dev/null\nif [ $? != 0 ] ; then\n    # print error to STDERR\n    echo \"error: The sandbox is not in sync with the Podfile.lock. Run 'pod install' or update your CocoaPods installation.\" >&2\n    exit 1\nfi\n# This output is used by Xcode 'outputs' to avoid re-running this script phase.\necho \"SUCCESS\" > \"${SCRIPT_OUTPUT_FILE_0}\"\n";
			showEnvVarsInLog = 0;
		};
/* End PBXShellScriptBuildPhase section */

/* Begin PBXSourcesBuildPhase section */
		513D5A86227C02AB00D70DE6 /* Sources */ = {
			isa = PBXSourcesBuildPhase;
			buildActionMask = 2147483647;
			files = (
				513D5AA1227C03E900D70DE6 /* CurrencyCell.swift in Sources */,
				513D5A99227C02CF00D70DE6 /* SelectCurrencyViewController.swift in Sources */,
				513D5AA3227C04D800D70DE6 /* Coordinator.swift in Sources */,
			);
			runOnlyForDeploymentPostprocessing = 0;
		};
		513D5AA7227C0C1300D70DE6 /* Sources */ = {
			isa = PBXSourcesBuildPhase;
			buildActionMask = 2147483647;
			files = (
				513D5AC2227C0CAB00D70DE6 /* CalculatorViewController.swift in Sources */,
				513D5AC0227C0C5A00D70DE6 /* Coordinator.swift in Sources */,
			);
			runOnlyForDeploymentPostprocessing = 0;
		};
		51A5285322799D1F00700158 /* Sources */ = {
			isa = PBXSourcesBuildPhase;
			buildActionMask = 2147483647;
			files = (
				51A5285B22799D1F00700158 /* AppDelegate.swift in Sources */,
			);
			runOnlyForDeploymentPostprocessing = 0;
		};
		51A5286D22799E4300700158 /* Sources */ = {
			isa = PBXSourcesBuildPhase;
			buildActionMask = 2147483647;
			files = (
				513D5A84227BFE9E00D70DE6 /* ExchangeRateCell.swift in Sources */,
				51A5289922799F0100700158 /* Coordinator.swift in Sources */,
				51A5289B2279A07000700158 /* HomeViewController.swift in Sources */,
				513D5A82227BFCDC00D70DE6 /* AddCurrencyPairCell.swift in Sources */,
			);
			runOnlyForDeploymentPostprocessing = 0;
		};
		51CCABCC2279DEFF0056C4D9 /* Sources */ = {
			isa = PBXSourcesBuildPhase;
			buildActionMask = 2147483647;
			files = (
				51CCABE02279DF510056C4D9 /* StoryboardInstantiatable.swift in Sources */,
			);
			runOnlyForDeploymentPostprocessing = 0;
		};
		51CCABF42279E1F50056C4D9 /* Sources */ = {
			isa = PBXSourcesBuildPhase;
			buildActionMask = 2147483647;
			files = (
				51CCAC0A2279E2AF0056C4D9 /* CurrencyPair.swift in Sources */,
				51CC0D2A2279FBEE00503D90 /* BundleWrapper.swift in Sources */,
				51CCAC082279E2210056C4D9 /* CurrencyCode.swift in Sources */,
				51CC0D272279FBBA00503D90 /* LocalizedName.swift in Sources */,
			);
			runOnlyForDeploymentPostprocessing = 0;
		};
		51E20597227AD18600E0046C /* Sources */ = {
			isa = PBXSourcesBuildPhase;
			buildActionMask = 2147483647;
			files = (
				51E205AB227AD1BB00E0046C /* CurrencyRate.swift in Sources */,
			);
			runOnlyForDeploymentPostprocessing = 0;
		};
		51F1690B227A15C500DA8719 /* Sources */ = {
			isa = PBXSourcesBuildPhase;
			buildActionMask = 2147483647;
			files = (
				51E205AF227AD50300E0046C /* CurrencyRateTests.swift in Sources */,
				51F16912227A15C600DA8719 /* CurrencyCodeTests.swift in Sources */,
			);
			runOnlyForDeploymentPostprocessing = 0;
		};
/* End PBXSourcesBuildPhase section */

/* Begin PBXTargetDependency section */
		513D5A90227C02AB00D70DE6 /* PBXTargetDependency */ = {
			isa = PBXTargetDependency;
			target = 513D5A89227C02AB00D70DE6 /* SelectCurrencyScreen */;
			targetProxy = 513D5A8F227C02AB00D70DE6 /* PBXContainerItemProxy */;
		};
		513D5A9B227C02DA00D70DE6 /* PBXTargetDependency */ = {
			isa = PBXTargetDependency;
			target = 51CCABCF2279DEFF0056C4D9 /* StoryboardInstantiatable */;
			targetProxy = 513D5A9A227C02DA00D70DE6 /* PBXContainerItemProxy */;
		};
		513D5AA5227C059300D70DE6 /* PBXTargetDependency */ = {
			isa = PBXTargetDependency;
			target = 51CCABF72279E1F50056C4D9 /* CurrencyCode */;
			targetProxy = 513D5AA4227C059300D70DE6 /* PBXContainerItemProxy */;
		};
		513D5AB1227C0C1400D70DE6 /* PBXTargetDependency */ = {
			isa = PBXTargetDependency;
			target = 513D5AAA227C0C1300D70DE6 /* CalculatorScreen */;
			targetProxy = 513D5AB0227C0C1400D70DE6 /* PBXContainerItemProxy */;
		};
		513D5AB8227C0C3C00D70DE6 /* PBXTargetDependency */ = {
			isa = PBXTargetDependency;
			target = 51CCABF72279E1F50056C4D9 /* CurrencyCode */;
			targetProxy = 513D5AB7227C0C3C00D70DE6 /* PBXContainerItemProxy */;
		};
		513D5ABA227C0C3C00D70DE6 /* PBXTargetDependency */ = {
			isa = PBXTargetDependency;
			target = 51E2059A227AD18600E0046C /* CurrencyRate */;
			targetProxy = 513D5AB9227C0C3C00D70DE6 /* PBXContainerItemProxy */;
		};
		513D5ABC227C0C3C00D70DE6 /* PBXTargetDependency */ = {
			isa = PBXTargetDependency;
			target = 51CCABCF2279DEFF0056C4D9 /* StoryboardInstantiatable */;
			targetProxy = 513D5ABB227C0C3C00D70DE6 /* PBXContainerItemProxy */;
		};
		51A5287722799E4300700158 /* PBXTargetDependency */ = {
			isa = PBXTargetDependency;
			target = 51A5287022799E4300700158 /* HomeScreen */;
			targetProxy = 51A5287622799E4300700158 /* PBXContainerItemProxy */;
		};
		51CCABD62279DEFF0056C4D9 /* PBXTargetDependency */ = {
			isa = PBXTargetDependency;
			target = 51CCABCF2279DEFF0056C4D9 /* StoryboardInstantiatable */;
			targetProxy = 51CCABD52279DEFF0056C4D9 /* PBXContainerItemProxy */;
		};
		51CCABDD2279DF410056C4D9 /* PBXTargetDependency */ = {
			isa = PBXTargetDependency;
			target = 51CCABCF2279DEFF0056C4D9 /* StoryboardInstantiatable */;
			targetProxy = 51CCABDC2279DF410056C4D9 /* PBXContainerItemProxy */;
		};
		51CCABFE2279E1F50056C4D9 /* PBXTargetDependency */ = {
			isa = PBXTargetDependency;
			target = 51CCABF72279E1F50056C4D9 /* CurrencyCode */;
			targetProxy = 51CCABFD2279E1F50056C4D9 /* PBXContainerItemProxy */;
		};
		51CCAC052279E20B0056C4D9 /* PBXTargetDependency */ = {
			isa = PBXTargetDependency;
			target = 51CCABF72279E1F50056C4D9 /* CurrencyCode */;
			targetProxy = 51CCAC042279E20B0056C4D9 /* PBXContainerItemProxy */;
		};
		51E205A1227AD18700E0046C /* PBXTargetDependency */ = {
			isa = PBXTargetDependency;
			target = 51E2059A227AD18600E0046C /* CurrencyRate */;
			targetProxy = 51E205A0227AD18700E0046C /* PBXContainerItemProxy */;
		};
		51E205A8227AD1A300E0046C /* PBXTargetDependency */ = {
			isa = PBXTargetDependency;
			target = 51E2059A227AD18600E0046C /* CurrencyRate */;
			targetProxy = 51E205A7227AD1A300E0046C /* PBXContainerItemProxy */;
		};
		51E205AD227AD1C800E0046C /* PBXTargetDependency */ = {
			isa = PBXTargetDependency;
			target = 51CCABF72279E1F50056C4D9 /* CurrencyCode */;
			targetProxy = 51E205AC227AD1C800E0046C /* PBXContainerItemProxy */;
		};
		51F16915227A15C600DA8719 /* PBXTargetDependency */ = {
			isa = PBXTargetDependency;
			target = 51A5285622799D1F00700158 /* MoolahRates */;
			targetProxy = 51F16914227A15C600DA8719 /* PBXContainerItemProxy */;
		};
		51F1691A227A163600DA8719 /* PBXTargetDependency */ = {
			isa = PBXTargetDependency;
			target = 51CCABF72279E1F50056C4D9 /* CurrencyCode */;
			targetProxy = 51F16919227A163600DA8719 /* PBXContainerItemProxy */;
		};
/* End PBXTargetDependency section */

/* Begin XCBuildConfiguration section */
		513D5A94227C02AB00D70DE6 /* Debug */ = {
			isa = XCBuildConfiguration;
			buildSettings = {
				CLANG_ENABLE_MODULES = YES;
				CODE_SIGN_IDENTITY = "";
				CODE_SIGN_STYLE = Manual;
				CURRENT_PROJECT_VERSION = 1;
				DEFINES_MODULE = YES;
				DEVELOPMENT_TEAM = "";
				DYLIB_COMPATIBILITY_VERSION = 1;
				DYLIB_CURRENT_VERSION = 1;
				DYLIB_INSTALL_NAME_BASE = "@rpath";
				INFOPLIST_FILE = "$(SRCROOT)/Screens/SelectCurrencyScreen/Info.plist";
				INSTALL_PATH = "$(LOCAL_LIBRARY_DIR)/Frameworks";
				LD_RUNPATH_SEARCH_PATHS = (
					"$(inherited)",
					"@executable_path/Frameworks",
					"@loader_path/Frameworks",
				);
				PRODUCT_BUNDLE_IDENTIFIER = com.krasnobrovkin.pavel.SelectCurrencyScreen;
				PRODUCT_NAME = "$(TARGET_NAME:c99extidentifier)";
				PROVISIONING_PROFILE_SPECIFIER = "";
				SKIP_INSTALL = YES;
				SWIFT_OPTIMIZATION_LEVEL = "-Onone";
				SWIFT_VERSION = 5.0;
				TARGETED_DEVICE_FAMILY = "1,2";
				VERSIONING_SYSTEM = "apple-generic";
				VERSION_INFO_PREFIX = "";
			};
			name = Debug;
		};
		513D5A95227C02AB00D70DE6 /* Release */ = {
			isa = XCBuildConfiguration;
			buildSettings = {
				CLANG_ENABLE_MODULES = YES;
				CODE_SIGN_IDENTITY = "iPhone Distribution";
				CODE_SIGN_STYLE = Manual;
				CURRENT_PROJECT_VERSION = 1;
				DEFINES_MODULE = YES;
				DEVELOPMENT_TEAM = "";
				DYLIB_COMPATIBILITY_VERSION = 1;
				DYLIB_CURRENT_VERSION = 1;
				DYLIB_INSTALL_NAME_BASE = "@rpath";
				INFOPLIST_FILE = "$(SRCROOT)/Screens/SelectCurrencyScreen/Info.plist";
				INSTALL_PATH = "$(LOCAL_LIBRARY_DIR)/Frameworks";
				LD_RUNPATH_SEARCH_PATHS = (
					"$(inherited)",
					"@executable_path/Frameworks",
					"@loader_path/Frameworks",
				);
				PRODUCT_BUNDLE_IDENTIFIER = com.krasnobrovkin.pavel.SelectCurrencyScreen;
				PRODUCT_NAME = "$(TARGET_NAME:c99extidentifier)";
				PROVISIONING_PROFILE_SPECIFIER = "";
				SKIP_INSTALL = YES;
				SWIFT_VERSION = 5.0;
				TARGETED_DEVICE_FAMILY = "1,2";
				VERSIONING_SYSTEM = "apple-generic";
				VERSION_INFO_PREFIX = "";
			};
			name = Release;
		};
		513D5AB5227C0C1400D70DE6 /* Debug */ = {
			isa = XCBuildConfiguration;
			buildSettings = {
				CLANG_ENABLE_MODULES = YES;
				CODE_SIGN_IDENTITY = "";
				CODE_SIGN_STYLE = Manual;
				CURRENT_PROJECT_VERSION = 1;
				DEFINES_MODULE = YES;
				DEVELOPMENT_TEAM = "";
				DYLIB_COMPATIBILITY_VERSION = 1;
				DYLIB_CURRENT_VERSION = 1;
				DYLIB_INSTALL_NAME_BASE = "@rpath";
				INFOPLIST_FILE = "$(SRCROOT)/Screens/CalculatorScreen/Info.plist";
				INSTALL_PATH = "$(LOCAL_LIBRARY_DIR)/Frameworks";
				LD_RUNPATH_SEARCH_PATHS = (
					"$(inherited)",
					"@executable_path/Frameworks",
					"@loader_path/Frameworks",
				);
				PRODUCT_BUNDLE_IDENTIFIER = com.krasnobrovkin.pavel.CalculatorScreen;
				PRODUCT_NAME = "$(TARGET_NAME:c99extidentifier)";
				PROVISIONING_PROFILE_SPECIFIER = "";
				SKIP_INSTALL = YES;
				SWIFT_OPTIMIZATION_LEVEL = "-Onone";
				SWIFT_VERSION = 5.0;
				TARGETED_DEVICE_FAMILY = "1,2";
				VERSIONING_SYSTEM = "apple-generic";
				VERSION_INFO_PREFIX = "";
			};
			name = Debug;
		};
		513D5AB6227C0C1400D70DE6 /* Release */ = {
			isa = XCBuildConfiguration;
			buildSettings = {
				CLANG_ENABLE_MODULES = YES;
				CODE_SIGN_IDENTITY = "iPhone Distribution";
				CODE_SIGN_STYLE = Manual;
				CURRENT_PROJECT_VERSION = 1;
				DEFINES_MODULE = YES;
				DEVELOPMENT_TEAM = "";
				DYLIB_COMPATIBILITY_VERSION = 1;
				DYLIB_CURRENT_VERSION = 1;
				DYLIB_INSTALL_NAME_BASE = "@rpath";
				INFOPLIST_FILE = "$(SRCROOT)/Screens/CalculatorScreen/Info.plist";
				INSTALL_PATH = "$(LOCAL_LIBRARY_DIR)/Frameworks";
				LD_RUNPATH_SEARCH_PATHS = (
					"$(inherited)",
					"@executable_path/Frameworks",
					"@loader_path/Frameworks",
				);
				PRODUCT_BUNDLE_IDENTIFIER = com.krasnobrovkin.pavel.CalculatorScreen;
				PRODUCT_NAME = "$(TARGET_NAME:c99extidentifier)";
				PROVISIONING_PROFILE_SPECIFIER = "";
				SKIP_INSTALL = YES;
				SWIFT_VERSION = 5.0;
				TARGETED_DEVICE_FAMILY = "1,2";
				VERSIONING_SYSTEM = "apple-generic";
				VERSION_INFO_PREFIX = "";
			};
			name = Release;
		};
		51A5286722799D2100700158 /* Debug */ = {
			isa = XCBuildConfiguration;
			buildSettings = {
				ALWAYS_SEARCH_USER_PATHS = NO;
				CLANG_ANALYZER_NONNULL = YES;
				CLANG_ANALYZER_NUMBER_OBJECT_CONVERSION = YES_AGGRESSIVE;
				CLANG_CXX_LANGUAGE_STANDARD = "gnu++14";
				CLANG_CXX_LIBRARY = "libc++";
				CLANG_ENABLE_MODULES = YES;
				CLANG_ENABLE_OBJC_ARC = YES;
				CLANG_ENABLE_OBJC_WEAK = YES;
				CLANG_WARN_BLOCK_CAPTURE_AUTORELEASING = YES;
				CLANG_WARN_BOOL_CONVERSION = YES;
				CLANG_WARN_COMMA = YES;
				CLANG_WARN_CONSTANT_CONVERSION = YES;
				CLANG_WARN_DEPRECATED_OBJC_IMPLEMENTATIONS = YES;
				CLANG_WARN_DIRECT_OBJC_ISA_USAGE = YES_ERROR;
				CLANG_WARN_DOCUMENTATION_COMMENTS = YES;
				CLANG_WARN_EMPTY_BODY = YES;
				CLANG_WARN_ENUM_CONVERSION = YES;
				CLANG_WARN_INFINITE_RECURSION = YES;
				CLANG_WARN_INT_CONVERSION = YES;
				CLANG_WARN_NON_LITERAL_NULL_CONVERSION = YES;
				CLANG_WARN_OBJC_IMPLICIT_RETAIN_SELF = YES;
				CLANG_WARN_OBJC_LITERAL_CONVERSION = YES;
				CLANG_WARN_OBJC_ROOT_CLASS = YES_ERROR;
				CLANG_WARN_RANGE_LOOP_ANALYSIS = YES;
				CLANG_WARN_STRICT_PROTOTYPES = YES;
				CLANG_WARN_SUSPICIOUS_MOVE = YES;
				CLANG_WARN_UNGUARDED_AVAILABILITY = YES_AGGRESSIVE;
				CLANG_WARN_UNREACHABLE_CODE = YES;
				CLANG_WARN__DUPLICATE_METHOD_MATCH = YES;
				CODE_SIGN_IDENTITY = "iPhone Developer";
				COPY_PHASE_STRIP = NO;
				DEBUG_INFORMATION_FORMAT = dwarf;
				ENABLE_STRICT_OBJC_MSGSEND = YES;
				ENABLE_TESTABILITY = YES;
				GCC_C_LANGUAGE_STANDARD = gnu11;
				GCC_DYNAMIC_NO_PIC = NO;
				GCC_NO_COMMON_BLOCKS = YES;
				GCC_OPTIMIZATION_LEVEL = 0;
				GCC_PREPROCESSOR_DEFINITIONS = (
					"DEBUG=1",
					"$(inherited)",
				);
				GCC_WARN_64_TO_32_BIT_CONVERSION = YES;
				GCC_WARN_ABOUT_RETURN_TYPE = YES_ERROR;
				GCC_WARN_UNDECLARED_SELECTOR = YES;
				GCC_WARN_UNINITIALIZED_AUTOS = YES_AGGRESSIVE;
				GCC_WARN_UNUSED_FUNCTION = YES;
				GCC_WARN_UNUSED_VARIABLE = YES;
				IPHONEOS_DEPLOYMENT_TARGET = 11;
				MTL_ENABLE_DEBUG_INFO = INCLUDE_SOURCE;
				MTL_FAST_MATH = YES;
				ONLY_ACTIVE_ARCH = YES;
				SDKROOT = iphoneos;
				SWIFT_ACTIVE_COMPILATION_CONDITIONS = DEBUG;
				SWIFT_OPTIMIZATION_LEVEL = "-Onone";
			};
			name = Debug;
		};
		51A5286822799D2100700158 /* Release */ = {
			isa = XCBuildConfiguration;
			buildSettings = {
				ALWAYS_SEARCH_USER_PATHS = NO;
				CLANG_ANALYZER_NONNULL = YES;
				CLANG_ANALYZER_NUMBER_OBJECT_CONVERSION = YES_AGGRESSIVE;
				CLANG_CXX_LANGUAGE_STANDARD = "gnu++14";
				CLANG_CXX_LIBRARY = "libc++";
				CLANG_ENABLE_MODULES = YES;
				CLANG_ENABLE_OBJC_ARC = YES;
				CLANG_ENABLE_OBJC_WEAK = YES;
				CLANG_WARN_BLOCK_CAPTURE_AUTORELEASING = YES;
				CLANG_WARN_BOOL_CONVERSION = YES;
				CLANG_WARN_COMMA = YES;
				CLANG_WARN_CONSTANT_CONVERSION = YES;
				CLANG_WARN_DEPRECATED_OBJC_IMPLEMENTATIONS = YES;
				CLANG_WARN_DIRECT_OBJC_ISA_USAGE = YES_ERROR;
				CLANG_WARN_DOCUMENTATION_COMMENTS = YES;
				CLANG_WARN_EMPTY_BODY = YES;
				CLANG_WARN_ENUM_CONVERSION = YES;
				CLANG_WARN_INFINITE_RECURSION = YES;
				CLANG_WARN_INT_CONVERSION = YES;
				CLANG_WARN_NON_LITERAL_NULL_CONVERSION = YES;
				CLANG_WARN_OBJC_IMPLICIT_RETAIN_SELF = YES;
				CLANG_WARN_OBJC_LITERAL_CONVERSION = YES;
				CLANG_WARN_OBJC_ROOT_CLASS = YES_ERROR;
				CLANG_WARN_RANGE_LOOP_ANALYSIS = YES;
				CLANG_WARN_STRICT_PROTOTYPES = YES;
				CLANG_WARN_SUSPICIOUS_MOVE = YES;
				CLANG_WARN_UNGUARDED_AVAILABILITY = YES_AGGRESSIVE;
				CLANG_WARN_UNREACHABLE_CODE = YES;
				CLANG_WARN__DUPLICATE_METHOD_MATCH = YES;
				CODE_SIGN_IDENTITY = "iPhone Developer";
				COPY_PHASE_STRIP = NO;
				DEBUG_INFORMATION_FORMAT = "dwarf-with-dsym";
				ENABLE_NS_ASSERTIONS = NO;
				ENABLE_STRICT_OBJC_MSGSEND = YES;
				GCC_C_LANGUAGE_STANDARD = gnu11;
				GCC_NO_COMMON_BLOCKS = YES;
				GCC_WARN_64_TO_32_BIT_CONVERSION = YES;
				GCC_WARN_ABOUT_RETURN_TYPE = YES_ERROR;
				GCC_WARN_UNDECLARED_SELECTOR = YES;
				GCC_WARN_UNINITIALIZED_AUTOS = YES_AGGRESSIVE;
				GCC_WARN_UNUSED_FUNCTION = YES;
				GCC_WARN_UNUSED_VARIABLE = YES;
				IPHONEOS_DEPLOYMENT_TARGET = 11;
				MTL_ENABLE_DEBUG_INFO = NO;
				MTL_FAST_MATH = YES;
				SDKROOT = iphoneos;
				SWIFT_COMPILATION_MODE = wholemodule;
				SWIFT_OPTIMIZATION_LEVEL = "-O";
				VALIDATE_PRODUCT = YES;
			};
			name = Release;
		};
		51A5286A22799D2100700158 /* Debug */ = {
			isa = XCBuildConfiguration;
			baseConfigurationReference = C36B08E813535AB68DF429B3 /* Pods-MoolahRates.debug.xcconfig */;
			buildSettings = {
				ALWAYS_EMBED_SWIFT_STANDARD_LIBRARIES = YES;
				ASSETCATALOG_COMPILER_APPICON_NAME = AppIcon;
				ASSETCATALOG_COMPILER_LAUNCHIMAGE_NAME = LaunchImage;
				CODE_SIGN_STYLE = Manual;
				DEVELOPMENT_TEAM = QCADF8QGVG;
				INFOPLIST_FILE = MoolahRates/Info.plist;
				LD_RUNPATH_SEARCH_PATHS = (
					"$(inherited)",
					"@executable_path/Frameworks",
				);
				PRODUCT_BUNDLE_IDENTIFIER = com.krasnobrovkin.pavel.MoolahRates;
				PRODUCT_NAME = "$(TARGET_NAME)";
				PROVISIONING_PROFILE_SPECIFIER = "MoolahRates dev";
				SWIFT_VERSION = 5.0;
				TARGETED_DEVICE_FAMILY = "1,2";
			};
			name = Debug;
		};
		51A5286B22799D2100700158 /* Release */ = {
			isa = XCBuildConfiguration;
			baseConfigurationReference = F0E8E9C073D65E52636EAE4C /* Pods-MoolahRates.release.xcconfig */;
			buildSettings = {
				ALWAYS_EMBED_SWIFT_STANDARD_LIBRARIES = YES;
				ASSETCATALOG_COMPILER_APPICON_NAME = AppIcon;
				ASSETCATALOG_COMPILER_LAUNCHIMAGE_NAME = LaunchImage;
				CODE_SIGN_IDENTITY = "iPhone Distribution";
				CODE_SIGN_STYLE = Manual;
				DEVELOPMENT_TEAM = QCADF8QGVG;
				INFOPLIST_FILE = MoolahRates/Info.plist;
				LD_RUNPATH_SEARCH_PATHS = (
					"$(inherited)",
					"@executable_path/Frameworks",
				);
				PRODUCT_BUNDLE_IDENTIFIER = com.krasnobrovkin.pavel.MoolahRates;
				PRODUCT_NAME = "$(TARGET_NAME)";
				PROVISIONING_PROFILE_SPECIFIER = "MoolahRates AppStore";
				SWIFT_VERSION = 5.0;
				TARGETED_DEVICE_FAMILY = "1,2";
			};
			name = Release;
		};
		51A5287B22799E4300700158 /* Debug */ = {
			isa = XCBuildConfiguration;
			baseConfigurationReference = C532D5E5166A21B9B1BB1D45 /* Pods-HomeScreen.debug.xcconfig */;
			buildSettings = {
				CLANG_ENABLE_MODULES = YES;
				CODE_SIGN_IDENTITY = "";
				CODE_SIGN_STYLE = Manual;
				CURRENT_PROJECT_VERSION = 1;
				DEFINES_MODULE = YES;
				DEVELOPMENT_TEAM = "";
				DYLIB_COMPATIBILITY_VERSION = 1;
				DYLIB_CURRENT_VERSION = 1;
				DYLIB_INSTALL_NAME_BASE = "@rpath";
				INFOPLIST_FILE = "$(SRCROOT)/Screens/HomeScreen/Info.plist";
				INSTALL_PATH = "$(LOCAL_LIBRARY_DIR)/Frameworks";
				LD_RUNPATH_SEARCH_PATHS = (
					"$(inherited)",
					"@executable_path/Frameworks",
					"@loader_path/Frameworks",
				);
				PRODUCT_BUNDLE_IDENTIFIER = com.krasnobrovkin.pavel.HomeScreen;
				PRODUCT_NAME = "$(TARGET_NAME:c99extidentifier)";
				PROVISIONING_PROFILE_SPECIFIER = "";
				SKIP_INSTALL = YES;
				SWIFT_OPTIMIZATION_LEVEL = "-Onone";
				SWIFT_VERSION = 5.0;
				TARGETED_DEVICE_FAMILY = "1,2";
				VERSIONING_SYSTEM = "apple-generic";
				VERSION_INFO_PREFIX = "";
			};
			name = Debug;
		};
		51A5287C22799E4300700158 /* Release */ = {
			isa = XCBuildConfiguration;
			baseConfigurationReference = 8A549F9C76E76BB34B5933E8 /* Pods-HomeScreen.release.xcconfig */;
			buildSettings = {
				CLANG_ENABLE_MODULES = YES;
				CODE_SIGN_IDENTITY = "";
				CODE_SIGN_STYLE = Manual;
				CURRENT_PROJECT_VERSION = 1;
				DEFINES_MODULE = YES;
				DEVELOPMENT_TEAM = "";
				DYLIB_COMPATIBILITY_VERSION = 1;
				DYLIB_CURRENT_VERSION = 1;
				DYLIB_INSTALL_NAME_BASE = "@rpath";
				INFOPLIST_FILE = "$(SRCROOT)/Screens/HomeScreen/Info.plist";
				INSTALL_PATH = "$(LOCAL_LIBRARY_DIR)/Frameworks";
				LD_RUNPATH_SEARCH_PATHS = (
					"$(inherited)",
					"@executable_path/Frameworks",
					"@loader_path/Frameworks",
				);
				PRODUCT_BUNDLE_IDENTIFIER = com.krasnobrovkin.pavel.HomeScreen;
				PRODUCT_NAME = "$(TARGET_NAME:c99extidentifier)";
				PROVISIONING_PROFILE_SPECIFIER = "";
				SKIP_INSTALL = YES;
				SWIFT_VERSION = 5.0;
				TARGETED_DEVICE_FAMILY = "1,2";
				VERSIONING_SYSTEM = "apple-generic";
				VERSION_INFO_PREFIX = "";
			};
			name = Release;
		};
		51CCABDA2279DEFF0056C4D9 /* Debug */ = {
			isa = XCBuildConfiguration;
			buildSettings = {
				CLANG_ENABLE_MODULES = YES;
				CODE_SIGN_IDENTITY = "";
				CODE_SIGN_STYLE = Manual;
				CURRENT_PROJECT_VERSION = 1;
				DEFINES_MODULE = YES;
				DEVELOPMENT_TEAM = "";
				DYLIB_COMPATIBILITY_VERSION = 1;
				DYLIB_CURRENT_VERSION = 1;
				DYLIB_INSTALL_NAME_BASE = "@rpath";
				INFOPLIST_FILE = "$(SRCROOT)/Services/StoryboardInstantiatable/Info.plist";
				INSTALL_PATH = "$(LOCAL_LIBRARY_DIR)/Frameworks";
				LD_RUNPATH_SEARCH_PATHS = (
					"$(inherited)",
					"@executable_path/Frameworks",
					"@loader_path/Frameworks",
				);
				PRODUCT_BUNDLE_IDENTIFIER = com.krasnobrovkin.pavel.StoryboardInstantiatable;
				PRODUCT_NAME = "$(TARGET_NAME:c99extidentifier)";
				PROVISIONING_PROFILE_SPECIFIER = "";
				SKIP_INSTALL = YES;
				SWIFT_OPTIMIZATION_LEVEL = "-Onone";
				SWIFT_VERSION = 5.0;
				TARGETED_DEVICE_FAMILY = "1,2";
				VERSIONING_SYSTEM = "apple-generic";
				VERSION_INFO_PREFIX = "";
			};
			name = Debug;
		};
		51CCABDB2279DEFF0056C4D9 /* Release */ = {
			isa = XCBuildConfiguration;
			buildSettings = {
				CLANG_ENABLE_MODULES = YES;
				CODE_SIGN_IDENTITY = "";
				CODE_SIGN_STYLE = Manual;
				CURRENT_PROJECT_VERSION = 1;
				DEFINES_MODULE = YES;
				DEVELOPMENT_TEAM = "";
				DYLIB_COMPATIBILITY_VERSION = 1;
				DYLIB_CURRENT_VERSION = 1;
				DYLIB_INSTALL_NAME_BASE = "@rpath";
				INFOPLIST_FILE = "$(SRCROOT)/Services/StoryboardInstantiatable/Info.plist";
				INSTALL_PATH = "$(LOCAL_LIBRARY_DIR)/Frameworks";
				LD_RUNPATH_SEARCH_PATHS = (
					"$(inherited)",
					"@executable_path/Frameworks",
					"@loader_path/Frameworks",
				);
				PRODUCT_BUNDLE_IDENTIFIER = com.krasnobrovkin.pavel.StoryboardInstantiatable;
				PRODUCT_NAME = "$(TARGET_NAME:c99extidentifier)";
				PROVISIONING_PROFILE_SPECIFIER = "";
				SKIP_INSTALL = YES;
				SWIFT_VERSION = 5.0;
				TARGETED_DEVICE_FAMILY = "1,2";
				VERSIONING_SYSTEM = "apple-generic";
				VERSION_INFO_PREFIX = "";
			};
			name = Release;
		};
		51CCAC022279E1F50056C4D9 /* Debug */ = {
			isa = XCBuildConfiguration;
			buildSettings = {
				CLANG_ENABLE_MODULES = YES;
				CODE_SIGN_IDENTITY = "";
				CODE_SIGN_STYLE = Manual;
				CURRENT_PROJECT_VERSION = 1;
				DEFINES_MODULE = YES;
				DEVELOPMENT_TEAM = "";
				DYLIB_COMPATIBILITY_VERSION = 1;
				DYLIB_CURRENT_VERSION = 1;
				DYLIB_INSTALL_NAME_BASE = "@rpath";
				INFOPLIST_FILE = "$(SRCROOT)/Services/CurrencyCode/Info.plist";
				INSTALL_PATH = "$(LOCAL_LIBRARY_DIR)/Frameworks";
				LD_RUNPATH_SEARCH_PATHS = (
					"$(inherited)",
					"@executable_path/Frameworks",
					"@loader_path/Frameworks",
				);
				PRODUCT_BUNDLE_IDENTIFIER = com.krasnobrovkin.pavel.CurrencyCode;
				PRODUCT_NAME = "$(TARGET_NAME:c99extidentifier)";
				PROVISIONING_PROFILE_SPECIFIER = "";
				SKIP_INSTALL = YES;
				SWIFT_OPTIMIZATION_LEVEL = "-Onone";
				SWIFT_VERSION = 5.0;
				TARGETED_DEVICE_FAMILY = "1,2";
				VERSIONING_SYSTEM = "apple-generic";
				VERSION_INFO_PREFIX = "";
			};
			name = Debug;
		};
		51CCAC032279E1F50056C4D9 /* Release */ = {
			isa = XCBuildConfiguration;
			buildSettings = {
				CLANG_ENABLE_MODULES = YES;
				CODE_SIGN_IDENTITY = "";
				CODE_SIGN_STYLE = Manual;
				CURRENT_PROJECT_VERSION = 1;
				DEFINES_MODULE = YES;
				DEVELOPMENT_TEAM = "";
				DYLIB_COMPATIBILITY_VERSION = 1;
				DYLIB_CURRENT_VERSION = 1;
				DYLIB_INSTALL_NAME_BASE = "@rpath";
				INFOPLIST_FILE = "$(SRCROOT)/Services/CurrencyCode/Info.plist";
				INSTALL_PATH = "$(LOCAL_LIBRARY_DIR)/Frameworks";
				LD_RUNPATH_SEARCH_PATHS = (
					"$(inherited)",
					"@executable_path/Frameworks",
					"@loader_path/Frameworks",
				);
				PRODUCT_BUNDLE_IDENTIFIER = com.krasnobrovkin.pavel.CurrencyCode;
				PRODUCT_NAME = "$(TARGET_NAME:c99extidentifier)";
				PROVISIONING_PROFILE_SPECIFIER = "";
				SKIP_INSTALL = YES;
				SWIFT_VERSION = 5.0;
				TARGETED_DEVICE_FAMILY = "1,2";
				VERSIONING_SYSTEM = "apple-generic";
				VERSION_INFO_PREFIX = "";
			};
			name = Release;
		};
		51E205A4227AD18700E0046C /* Debug */ = {
			isa = XCBuildConfiguration;
			buildSettings = {
				CLANG_ENABLE_MODULES = YES;
				CODE_SIGN_IDENTITY = "";
				CODE_SIGN_STYLE = Manual;
				CURRENT_PROJECT_VERSION = 1;
				DEFINES_MODULE = YES;
				DEVELOPMENT_TEAM = "";
				DYLIB_COMPATIBILITY_VERSION = 1;
				DYLIB_CURRENT_VERSION = 1;
				DYLIB_INSTALL_NAME_BASE = "@rpath";
				INFOPLIST_FILE = "$(SRCROOT)/Services/CurrencyRate/Info.plist";
				INSTALL_PATH = "$(LOCAL_LIBRARY_DIR)/Frameworks";
				LD_RUNPATH_SEARCH_PATHS = (
					"$(inherited)",
					"@executable_path/Frameworks",
					"@loader_path/Frameworks",
				);
				PRODUCT_BUNDLE_IDENTIFIER = com.krasnobrovkin.pavel.CurrencyRate;
				PRODUCT_NAME = "$(TARGET_NAME:c99extidentifier)";
				PROVISIONING_PROFILE_SPECIFIER = "";
				SKIP_INSTALL = YES;
				SWIFT_OPTIMIZATION_LEVEL = "-Onone";
				SWIFT_VERSION = 5.0;
				TARGETED_DEVICE_FAMILY = "1,2";
				VERSIONING_SYSTEM = "apple-generic";
				VERSION_INFO_PREFIX = "";
			};
			name = Debug;
		};
		51E205A5227AD18700E0046C /* Release */ = {
			isa = XCBuildConfiguration;
			buildSettings = {
				CLANG_ENABLE_MODULES = YES;
				CODE_SIGN_IDENTITY = "iPhone Distribution";
				CODE_SIGN_STYLE = Manual;
				CURRENT_PROJECT_VERSION = 1;
				DEFINES_MODULE = YES;
				DEVELOPMENT_TEAM = "";
				DYLIB_COMPATIBILITY_VERSION = 1;
				DYLIB_CURRENT_VERSION = 1;
				DYLIB_INSTALL_NAME_BASE = "@rpath";
				INFOPLIST_FILE = "$(SRCROOT)/Services/CurrencyRate/Info.plist";
				INSTALL_PATH = "$(LOCAL_LIBRARY_DIR)/Frameworks";
				LD_RUNPATH_SEARCH_PATHS = (
					"$(inherited)",
					"@executable_path/Frameworks",
					"@loader_path/Frameworks",
				);
				PRODUCT_BUNDLE_IDENTIFIER = com.krasnobrovkin.pavel.CurrencyRate;
				PRODUCT_NAME = "$(TARGET_NAME:c99extidentifier)";
				PROVISIONING_PROFILE_SPECIFIER = "";
				SKIP_INSTALL = YES;
				SWIFT_VERSION = 5.0;
				TARGETED_DEVICE_FAMILY = "1,2";
				VERSIONING_SYSTEM = "apple-generic";
				VERSION_INFO_PREFIX = "";
			};
			name = Release;
		};
		51F16916227A15C600DA8719 /* Debug */ = {
			isa = XCBuildConfiguration;
			buildSettings = {
				ALWAYS_EMBED_SWIFT_STANDARD_LIBRARIES = YES;
				BUNDLE_LOADER = "$(TEST_HOST)";
				CODE_SIGN_STYLE = Manual;
				DEVELOPMENT_TEAM = QCADF8QGVG;
				INFOPLIST_FILE = MoolahRatesTests/Info.plist;
				LD_RUNPATH_SEARCH_PATHS = (
					"$(inherited)",
					"@executable_path/Frameworks",
					"@loader_path/Frameworks",
				);
				PRODUCT_BUNDLE_IDENTIFIER = com.krasnobrovkin.pavel.MoolahRatesTests;
				PRODUCT_NAME = "$(TARGET_NAME)";
				PROVISIONING_PROFILE_SPECIFIER = "";
				SWIFT_VERSION = 5.0;
				TARGETED_DEVICE_FAMILY = "1,2";
				TEST_HOST = "$(BUILT_PRODUCTS_DIR)/MoolahRates.app/MoolahRates";
			};
			name = Debug;
		};
		51F16917227A15C600DA8719 /* Release */ = {
			isa = XCBuildConfiguration;
			buildSettings = {
				ALWAYS_EMBED_SWIFT_STANDARD_LIBRARIES = YES;
				BUNDLE_LOADER = "$(TEST_HOST)";
				CODE_SIGN_IDENTITY = "iPhone Distribution";
				CODE_SIGN_STYLE = Manual;
				DEVELOPMENT_TEAM = QCADF8QGVG;
				INFOPLIST_FILE = MoolahRatesTests/Info.plist;
				LD_RUNPATH_SEARCH_PATHS = (
					"$(inherited)",
					"@executable_path/Frameworks",
					"@loader_path/Frameworks",
				);
				PRODUCT_BUNDLE_IDENTIFIER = com.krasnobrovkin.pavel.MoolahRatesTests;
				PRODUCT_NAME = "$(TARGET_NAME)";
				PROVISIONING_PROFILE_SPECIFIER = "";
				SWIFT_VERSION = 5.0;
				TARGETED_DEVICE_FAMILY = "1,2";
				TEST_HOST = "$(BUILT_PRODUCTS_DIR)/MoolahRates.app/MoolahRates";
			};
			name = Release;
		};
/* End XCBuildConfiguration section */

/* Begin XCConfigurationList section */
		513D5A93227C02AB00D70DE6 /* Build configuration list for PBXNativeTarget "SelectCurrencyScreen" */ = {
			isa = XCConfigurationList;
			buildConfigurations = (
				513D5A94227C02AB00D70DE6 /* Debug */,
				513D5A95227C02AB00D70DE6 /* Release */,
			);
			defaultConfigurationIsVisible = 0;
			defaultConfigurationName = Release;
		};
		513D5AB4227C0C1400D70DE6 /* Build configuration list for PBXNativeTarget "CalculatorScreen" */ = {
			isa = XCConfigurationList;
			buildConfigurations = (
				513D5AB5227C0C1400D70DE6 /* Debug */,
				513D5AB6227C0C1400D70DE6 /* Release */,
			);
			defaultConfigurationIsVisible = 0;
			defaultConfigurationName = Release;
		};
		51A5285222799D1F00700158 /* Build configuration list for PBXProject "MoolahRates" */ = {
			isa = XCConfigurationList;
			buildConfigurations = (
				51A5286722799D2100700158 /* Debug */,
				51A5286822799D2100700158 /* Release */,
			);
			defaultConfigurationIsVisible = 0;
			defaultConfigurationName = Release;
		};
		51A5286922799D2100700158 /* Build configuration list for PBXNativeTarget "MoolahRates" */ = {
			isa = XCConfigurationList;
			buildConfigurations = (
				51A5286A22799D2100700158 /* Debug */,
				51A5286B22799D2100700158 /* Release */,
			);
			defaultConfigurationIsVisible = 0;
			defaultConfigurationName = Release;
		};
		51A5287A22799E4300700158 /* Build configuration list for PBXNativeTarget "HomeScreen" */ = {
			isa = XCConfigurationList;
			buildConfigurations = (
				51A5287B22799E4300700158 /* Debug */,
				51A5287C22799E4300700158 /* Release */,
			);
			defaultConfigurationIsVisible = 0;
			defaultConfigurationName = Release;
		};
		51CCABD92279DEFF0056C4D9 /* Build configuration list for PBXNativeTarget "StoryboardInstantiatable" */ = {
			isa = XCConfigurationList;
			buildConfigurations = (
				51CCABDA2279DEFF0056C4D9 /* Debug */,
				51CCABDB2279DEFF0056C4D9 /* Release */,
			);
			defaultConfigurationIsVisible = 0;
			defaultConfigurationName = Release;
		};
		51CCAC012279E1F50056C4D9 /* Build configuration list for PBXNativeTarget "CurrencyCode" */ = {
			isa = XCConfigurationList;
			buildConfigurations = (
				51CCAC022279E1F50056C4D9 /* Debug */,
				51CCAC032279E1F50056C4D9 /* Release */,
			);
			defaultConfigurationIsVisible = 0;
			defaultConfigurationName = Release;
		};
		51E205A6227AD18700E0046C /* Build configuration list for PBXNativeTarget "CurrencyRate" */ = {
			isa = XCConfigurationList;
			buildConfigurations = (
				51E205A4227AD18700E0046C /* Debug */,
				51E205A5227AD18700E0046C /* Release */,
			);
			defaultConfigurationIsVisible = 0;
			defaultConfigurationName = Release;
		};
		51F16918227A15C600DA8719 /* Build configuration list for PBXNativeTarget "MoolahRatesTests" */ = {
			isa = XCConfigurationList;
			buildConfigurations = (
				51F16916227A15C600DA8719 /* Debug */,
				51F16917227A15C600DA8719 /* Release */,
			);
			defaultConfigurationIsVisible = 0;
			defaultConfigurationName = Release;
		};
/* End XCConfigurationList section */
	};
	rootObject = 51A5284F22799D1F00700158 /* Project object */;
}
